// !$*UTF8*$!
{
	archiveVersion = 1;
	classes = {
	};
	objectVersion = 47;
	objects = {
/* Begin PBXBuildFile section */
		00E07C77B0A44D1DBCAA6657 /* libiconv.dylib in Frameworks */ = {isa = PBXBuildFile; fileRef = C3442C9C38784B4488BC754F /* libiconv.dylib */; };
		0207DA581B56EA530066E2B4 /* Images.xcassets in Resources */ = {isa = PBXBuildFile; fileRef = 0207DA571B56EA530066E2B4 /* Images.xcassets */; };
		11E844716398447F85164B22 /* libGTM_iPhone.a in Frameworks */ = {isa = PBXBuildFile; fileRef = 90E32A78360C4347B7E2859E /* libGTM_iPhone.a */; };
		19F983D640E143F9AA0DF221 /* libGTM_NSData+zlib.a in Frameworks */ = {isa = PBXBuildFile; fileRef = 4B0FA5122DE44493B8D00B91 /* libGTM_NSData+zlib.a */; };
		1AB1035C4D75479D91500866 /* AVFoundation.framework in Frameworks */ = {isa = PBXBuildFile; fileRef = AF79BCDF7805498387DA1EA9 /* AVFoundation.framework */; };
		1C42EF9632464F60A950D403 /* libGTM_KVO.a in Frameworks */ = {isa = PBXBuildFile; fileRef = 5D856AED5F2B4670AFFBD790 /* libGTM_KVO.a */; };
		1D3623260D0F684500981E51 /* AppDelegate.m in Sources */ = {isa = PBXBuildFile; fileRef = 1D3623250D0F684500981E51 /* AppDelegate.m */; };
		1D60589B0D05DD56006BFB54 /* main.m in Sources */ = {isa = PBXBuildFile; fileRef = 29B97316FDCFA39411CA2CEA /* main.m */; };
		1E7BE72303904E9C92EBFF19 /* CDVStatusBar.m in Sources */ = {isa = PBXBuildFile; fileRef = 7504F5E00B8844CBB2297D4B /* CDVStatusBar.m */; };
		20A61BF362AB4209995921D8 /* libGTMSessionFetcher_full.a in Frameworks */ = {isa = PBXBuildFile; fileRef = 552A5EF29C0D45C5AD117789 /* libGTMSessionFetcher_full.a */; };
		226A2477A05C45789CEDFCF9 /* libGGLCore.a in Frameworks */ = {isa = PBXBuildFile; fileRef = 74309A47F75246978B2E229D /* libGGLCore.a */; };
		23E8CF4081AE400BB528C7C8 /* AddressBook.framework in Frameworks */ = {isa = PBXBuildFile; fileRef = 1114F9F306654F639BFD7E2A /* AddressBook.framework */; settings = {ATTRIBUTES = (Weak, ); }; };
		28C7AC413FED4DA7B6FB1E79 /* CDVAccelerometer.m in Sources */ = {isa = PBXBuildFile; fileRef = 914DF6D66F9142AB9FEB47CE /* CDVAccelerometer.m */; };
		2A9356BC583A47C9AF5449D3 /* libGTM_SystemVersion.a in Frameworks */ = {isa = PBXBuildFile; fileRef = B333A76BE3F947EFA0EABE92 /* libGTM_SystemVersion.a */; };
		3006C849709A4AD899939D56 /* CDVGlobalization.m in Sources */ = {isa = PBXBuildFile; fileRef = A325BA31CB7146AD98922EAB /* CDVGlobalization.m */; };
		301BF552109A68D80062928A /* libCordova.a in Frameworks */ = {isa = PBXBuildFile; fileRef = 301BF535109A57CC0062928A /* libCordova.a */; };
		302D95F114D2391D003F00A1 /* MainViewController.m in Sources */ = {isa = PBXBuildFile; fileRef = 302D95EF14D2391D003F00A1 /* MainViewController.m */; };
		302D95F214D2391D003F00A1 /* MainViewController.xib in Resources */ = {isa = PBXBuildFile; fileRef = 302D95F014D2391D003F00A1 /* MainViewController.xib */; };
		3187F0F2A77A41C7B88D7E18 /* libGTMStackTrace.a in Frameworks */ = {isa = PBXBuildFile; fileRef = 383DBD30A0DC40958337622F /* libGTMStackTrace.a */; };
		32BA84723CB74097AA74ACEB /* libGTM_UIFont+LineHeight.a in Frameworks */ = {isa = PBXBuildFile; fileRef = 971098E3D47F4A05B2E82A59 /* libGTM_UIFont+LineHeight.a */; };
		365FCB52A77A4C6F8544C69E /* libGGLInstanceIDLib.a in Frameworks */ = {isa = PBXBuildFile; fileRef = 02A1A6155AE3428AA7D7EAD1 /* libGGLInstanceIDLib.a */; };
		371ABC7F9C4C415AA65CB5B6 /* CoreLocation.framework in Frameworks */ = {isa = PBXBuildFile; fileRef = D6A7304AB64B4994930DB8B6 /* CoreLocation.framework */; };
		399A808913A44BE495148465 /* libProtocolBuffers.a in Frameworks */ = {isa = PBXBuildFile; fileRef = FE796CFD76604711AF40DACF /* libProtocolBuffers.a */; };
		479EDA9780C6492F949AC121 /* CDVBattery.m in Sources */ = {isa = PBXBuildFile; fileRef = 87A7664828FC4054B50D3441 /* CDVBattery.m */; };
		47EEC80A3EC04A48B2C09E9E /* CDVCapture.m in Sources */ = {isa = PBXBuildFile; fileRef = 5DB4F797E752455F8E1FB0E4 /* CDVCapture.m */; };
		4ACA7E056B4548C089295C0E /* libGTM_NSScannerJSON.a in Frameworks */ = {isa = PBXBuildFile; fileRef = 5B5B901833A949B0829E06C2 /* libGTM_NSScannerJSON.a */; };
		4EC1F14297AC492DBD1B5C01 /* CDVFileTransfer.m in Sources */ = {isa = PBXBuildFile; fileRef = 125217802E7F4A019764AB7A /* CDVFileTransfer.m */; };
		51A4BFF46CB94620AB7C0E60 /* libGTM_DebugUtils.a in Frameworks */ = {isa = PBXBuildFile; fileRef = F082F419148C4489B23114A4 /* libGTM_DebugUtils.a */; };
		5505FA7A398148C3AF1C9AB5 /* CDVNotification.bundle in Resources */ = {isa = PBXBuildFile; fileRef = 2FEF23BF6C3F486497A184CD /* CDVNotification.bundle */; };
		59B63728968B449F943A5718 /* CDVReachability.m in Sources */ = {isa = PBXBuildFile; fileRef = 7A1DCD5445B14B9FA6D25FE1 /* CDVReachability.m */; };
		59FDF83AE23F4EA09FBA4A11 /* CDVCapture.bundle in Resources */ = {isa = PBXBuildFile; fileRef = E74A9FEE4C164004B50F4650 /* CDVCapture.bundle */; };
		5D73C615144743B5A5CCC328 /* CDVNotification.m in Sources */ = {isa = PBXBuildFile; fileRef = B0F9BE4A6EC44F87A8E484AE /* CDVNotification.m */; };
		5DF56A7C7EA745A2BEA9F1A5 /* libGTM_NSStringXML.a in Frameworks */ = {isa = PBXBuildFile; fileRef = 20A3BA4CC4E449FD91249CEF /* libGTM_NSStringXML.a */; };
		5E1E4D2FD38B4C14A4C9179E /* CoreImage.framework in Frameworks */ = {isa = PBXBuildFile; fileRef = 8704441E98F34C50B787C291 /* CoreImage.framework */; };
		5E653A1A00F5432EA3E80169 /* CDVCompass.m in Sources */ = {isa = PBXBuildFile; fileRef = 5BF387F9D0A84471B2DA78F8 /* CDVCompass.m */; };
		5EC27436F5634AFB813D908F /* CoreTelephony.framework in Frameworks */ = {isa = PBXBuildFile; fileRef = 64C17B55D0AD4FD2884FE12E /* CoreTelephony.framework */; };
		6199F743DD7C4BE5B24266BC /* CDVLocation.m in Sources */ = {isa = PBXBuildFile; fileRef = 61CBFFB370ED4CF09F1547DA /* CDVLocation.m */; };
		662F1D98DE79471485415C4D /* libsqlite3.tbd in Frameworks */ = {isa = PBXBuildFile; fileRef = 268FED2E02FF4B41ACB084F7 /* libsqlite3.tbd */; };
		6AF540020EAC453AB8038D04 /* CDVAssetLibraryFilesystem.m in Sources */ = {isa = PBXBuildFile; fileRef = C3CBF1AC2A514D5696F50928 /* CDVAssetLibraryFilesystem.m */; };
		6AFB4EC319AE479FB538F1F9 /* libz.tbd in Frameworks */ = {isa = PBXBuildFile; fileRef = F36C7AA122014BD7ACCA52FF /* libz.tbd */; };
		6CE81A8CF8A84F7790B9A513 /* CoreVideo.framework in Frameworks */ = {isa = PBXBuildFile; fileRef = B6E43D4775A0441696AC1124 /* CoreVideo.framework */; };
		6DC6488E678B46FFAEB0D828 /* ImageIO.framework in Frameworks */ = {isa = PBXBuildFile; fileRef = F694E29A30BC43B49812CC3E /* ImageIO.framework */; settings = {ATTRIBUTES = (Weak, ); }; };
		6F48D232CEB345159D59C614 /* CDVFile.m in Sources */ = {isa = PBXBuildFile; fileRef = 30CC9D641B674E0EB15C1851 /* CDVFile.m */; };
		70134C3C45FC4092A3DE3FFD /* CDVVibration.m in Sources */ = {isa = PBXBuildFile; fileRef = E28E52AE6E9E4AB1AACA96A2 /* CDVVibration.m */; };
		70E6A73FAE9D4874818A9E5B /* libGSDK_Overload.a in Frameworks */ = {isa = PBXBuildFile; fileRef = C1409F805ED545D28F56DE59 /* libGSDK_Overload.a */; };
		760491DF58234A648DAB0783 /* CDVDevice.m in Sources */ = {isa = PBXBuildFile; fileRef = 4BC225A999774BCC89B516EA /* CDVDevice.m */; };
		7755A128F15B431B8DA7E5FE /* libGTM_AddressBook.a in Frameworks */ = {isa = PBXBuildFile; fileRef = 6C6BC3AA747642DEBEEC4B15 /* libGTM_AddressBook.a */; };
		7D88A694D1C24CC7899696D1 /* SystemConfiguration.framework in Frameworks */ = {isa = PBXBuildFile; fileRef = 0207F48FEE764B888CB2A8A7 /* SystemConfiguration.framework */; settings = {ATTRIBUTES = (Weak, ); }; };
		7E65F8641A3A4EA884279CB2 /* libGTM_Regex.a in Frameworks */ = {isa = PBXBuildFile; fileRef = 21D2ED6040294239B994B934 /* libGTM_Regex.a */; };
		802483D498C9492EB71482C3 /* scannerOverlay.xib in Resources */ = {isa = PBXBuildFile; fileRef = 9DEAA4AB277F441AB9BDA4B2 /* scannerOverlay.xib */; };
		802BE47E4CD74A8ABD479DB3 /* libGGLCloudMessaging.a in Frameworks */ = {isa = PBXBuildFile; fileRef = 07410030CFEA47CCAD8965B7 /* libGGLCloudMessaging.a */; };
		8DF20398BE29445BB32A3F24 /* CDVSound.m in Sources */ = {isa = PBXBuildFile; fileRef = 531E57AA29FD497B81A6AC0E /* CDVSound.m */; };
		9243B895D9274EBE9F05D7F9 /* CDVSplashScreen.m in Sources */ = {isa = PBXBuildFile; fileRef = 84571062420F44639E5BBA5A /* CDVSplashScreen.m */; };
		9454428DDA7E4D3AAB0E4A3B /* CDVContact.m in Sources */ = {isa = PBXBuildFile; fileRef = 371C850CCBA1450786FD9DEC /* CDVContact.m */; };
		9DEE2C91D5444AB2B5DDDC09 /* UIImage+CropScaleOrientation.m in Sources */ = {isa = PBXBuildFile; fileRef = 60456879A48D46CB9B1AF675 /* UIImage+CropScaleOrientation.m */; };
		A0E85C27AA9F48A681A1DA0C /* libGTMSessionFetcher_core.a in Frameworks */ = {isa = PBXBuildFile; fileRef = 68F40D91AF2A463CABFDF1E5 /* libGTMSessionFetcher_core.a */; };
		A3B4B43BE7434EF18C638510 /* CDVConnection.m in Sources */ = {isa = PBXBuildFile; fileRef = 657A1611B02F4C6C9D1569DA /* CDVConnection.m */; };
		A3F3EB4C44DD4AF5AD512F4A /* libGTM_NSDictionary+URLArguments.a in Frameworks */ = {isa = PBXBuildFile; fileRef = 1B7FFDE025DD4BC7B61F2BAE /* libGTM_NSDictionary+URLArguments.a */; };
		A4C61EB709D641A5B6356230 /* CDVViewController+SplashScreen.m in Sources */ = {isa = PBXBuildFile; fileRef = 486CD10A80044C979C4FDAEC /* CDVViewController+SplashScreen.m */; };
		A4C73AA953004B2FB7EF229A /* CDVInAppBrowser.m in Sources */ = {isa = PBXBuildFile; fileRef = B594B2839B514D07ACF1F02B /* CDVInAppBrowser.m */; };
		AF53B272CDC743A488102A98 /* PushPlugin.m in Sources */ = {isa = PBXBuildFile; fileRef = B36EA311A02348F8B7A76C4A /* PushPlugin.m */; };
		BC57B51A4A884F8D896FF5BE /* CDVJpegHeaderWriter.m in Sources */ = {isa = PBXBuildFile; fileRef = 3284466EBC134CF9BF7351D6 /* CDVJpegHeaderWriter.m */; };
		C4C37B2115434A7888BCE10A /* CDVBarcodeScanner.mm in Sources */ = {isa = PBXBuildFile; fileRef = 0ADBCD19428043939F0F9172 /* CDVBarcodeScanner.mm */; settings = {COMPILER_FLAGS = "-fno-objc-arc"; }; };
		C69F00B703C04755A02B1E35 /* AppDelegate+notification.m in Sources */ = {isa = PBXBuildFile; fileRef = 66644FC7B39F496883C53272 /* AppDelegate+notification.m */; };
		C95D9FC3CA834153818E7FB3 /* CDVCamera.m in Sources */ = {isa = PBXBuildFile; fileRef = E0A602B3C4514E76A3DCCA3B /* CDVCamera.m */; };
		D34BFBC1A0B94095BCD6CE28 /* CDVLogger.m in Sources */ = {isa = PBXBuildFile; fileRef = FC26279E7E5F45F18EB6452B /* CDVLogger.m */; };
		D7DE32A5D0FC49118182F6CD /* libGTM_NSStringHTML.a in Frameworks */ = {isa = PBXBuildFile; fileRef = 460E3165CDE0486A9C7AA85A /* libGTM_NSStringHTML.a */; };
		DB178C5A6581480A83DF0795 /* libGTM_RoundedRectPath.a in Frameworks */ = {isa = PBXBuildFile; fileRef = 5D735AD53D0D43E3A9BB145E /* libGTM_RoundedRectPath.a */; };
		DDCD6AF348E745BCB608E23A /* libGcmLib.a in Frameworks */ = {isa = PBXBuildFile; fileRef = 19DD2204806E4263A9AC70B8 /* libGcmLib.a */; };
		DE829655138D45DDA4498BE3 /* libGIP_Reachability.a in Frameworks */ = {isa = PBXBuildFile; fileRef = ECB4B6D164A54E16BFB1889A /* libGIP_Reachability.a */; };
		DEDA7EDE208F41CA8EB071AD /* QuartzCore.framework in Frameworks */ = {isa = PBXBuildFile; fileRef = 0C2117A452884E809D8F0909 /* QuartzCore.framework */; };
		E1540D87E1CC4E818F676FF0 /* CoreMotion.framework in Frameworks */ = {isa = PBXBuildFile; fileRef = 0B6CBE4EBBF34F3DBFE9EB2F /* CoreMotion.framework */; };
		E16D4DF72A8B4888B467E02C /* libGTM_StringEncoding.a in Frameworks */ = {isa = PBXBuildFile; fileRef = AE84881B4797422882690AEF /* libGTM_StringEncoding.a */; };
		E7B6A127F25B4B13AFC6FC16 /* AddressBookUI.framework in Frameworks */ = {isa = PBXBuildFile; fileRef = D90236A30CF946F4BD2797C2 /* AddressBookUI.framework */; settings = {ATTRIBUTES = (Weak, ); }; };
		E9AE1372D2374E039D945BD8 /* AudioToolbox.framework in Frameworks */ = {isa = PBXBuildFile; fileRef = D839B68452764170B040EE98 /* AudioToolbox.framework */; settings = {ATTRIBUTES = (Weak, ); }; };
		EEB99A441DE84CF6B32AD589 /* libGTM_core.a in Frameworks */ = {isa = PBXBuildFile; fileRef = 728442D1FB5A4C25BB482523 /* libGTM_core.a */; };
		F1CDFD7BF9C644888E47B5F3 /* zxing-all-in-one.cpp in Sources */ = {isa = PBXBuildFile; fileRef = A0091C46715E47D99A044DFE /* zxing-all-in-one.cpp */; };
		FA530AC4438E409EB3D05126 /* CDVBarcodeScanner.bundle in Resources */ = {isa = PBXBuildFile; fileRef = FA2BB1C5FB394D0D856C2E4E /* CDVBarcodeScanner.bundle */; };
		FA66DF1A58CB4FE781CFD495 /* libGTM_GTMURLBuilder.a in Frameworks */ = {isa = PBXBuildFile; fileRef = 8CB7F4458F4E4C1B84EAC5ED /* libGTM_GTMURLBuilder.a */; };
		FE488BEE08B148D4956AC780 /* CDVLocalFilesystem.m in Sources */ = {isa = PBXBuildFile; fileRef = 25F6345419104FCC9050F9E7 /* CDVLocalFilesystem.m */; };
		FF49A317068B44BD81282EA3 /* CDVContacts.m in Sources */ = {isa = PBXBuildFile; fileRef = 12801F0D5F704D9D939DE734 /* CDVContacts.m */; };
/* End PBXBuildFile section */

/* Begin PBXContainerItemProxy section */
		301BF534109A57CC0062928A /* PBXContainerItemProxy */ = {
			isa = PBXContainerItemProxy;
			containerPortal = 301BF52D109A57CC0062928A /* CordovaLib.xcodeproj */;
			proxyType = 2;
			remoteGlobalIDString = D2AAC07E0554694100DB518D;
			remoteInfo = CordovaLib;
		};
		301BF550109A68C00062928A /* PBXContainerItemProxy */ = {
			isa = PBXContainerItemProxy;
			containerPortal = 301BF52D109A57CC0062928A /* CordovaLib.xcodeproj */;
			proxyType = 1;
			remoteGlobalIDString = D2AAC07D0554694100DB518D;
			remoteInfo = CordovaLib;
		};
/* End PBXContainerItemProxy section */

/* Begin PBXFileReference section */
		0207DA571B56EA530066E2B4 /* Images.xcassets */ = {isa = PBXFileReference; lastKnownFileType = folder.assetcatalog; name = Images.xcassets; path = Mercury/Images.xcassets; sourceTree = SOURCE_ROOT; };
		0207F48FEE764B888CB2A8A7 /* SystemConfiguration.framework */ = {isa = PBXFileReference; explicitFileType = undefined; fileEncoding = 9; includeInIndex = 0; lastKnownFileType = wrapper.framework; name = SystemConfiguration.framework; path = System/Library/Frameworks/SystemConfiguration.framework; sourceTree = SDKROOT; };
		02A1A6155AE3428AA7D7EAD1 /* libGGLInstanceIDLib.a */ = {isa = PBXFileReference; explicitFileType = undefined; fileEncoding = 9; includeInIndex = 0; lastKnownFileType = archive.ar; name = libGGLInstanceIDLib.a; path = "Mercury/Plugins/phonegap-plugin-push/GCM/Libraries/libGGLInstanceIDLib.a"; sourceTree = "<group>"; };
		07410030CFEA47CCAD8965B7 /* libGGLCloudMessaging.a */ = {isa = PBXFileReference; explicitFileType = undefined; fileEncoding = 9; includeInIndex = 0; lastKnownFileType = archive.ar; name = libGGLCloudMessaging.a; path = "Mercury/Plugins/phonegap-plugin-push/GCM/Libraries/libGGLCloudMessaging.a"; sourceTree = "<group>"; };
		0981590D3A8D499CAB647362 /* GCMPubSub.h */ = {isa = PBXFileReference; explicitFileType = undefined; fileEncoding = 4; includeInIndex = 0; lastKnownFileType = sourcecode.c.h; name = GCMPubSub.h; path = "phonegap-plugin-push/GCM/Headers/GCMPubSub.h"; sourceTree = "<group>"; };
		0ADBCD19428043939F0F9172 /* CDVBarcodeScanner.mm */ = {isa = PBXFileReference; explicitFileType = undefined; fileEncoding = 9; includeInIndex = 0; lastKnownFileType = unknown; name = CDVBarcodeScanner.mm; path = "phonegap-plugin-barcodescanner/CDVBarcodeScanner.mm"; sourceTree = "<group>"; };
		0B17560669B84E608826F440 /* CDVCapture.h */ = {isa = PBXFileReference; explicitFileType = undefined; fileEncoding = 4; includeInIndex = 0; lastKnownFileType = sourcecode.c.h; name = CDVCapture.h; path = "cordova-plugin-media-capture/CDVCapture.h"; sourceTree = "<group>"; };
		0B6CBE4EBBF34F3DBFE9EB2F /* CoreMotion.framework */ = {isa = PBXFileReference; explicitFileType = undefined; fileEncoding = 9; includeInIndex = 0; lastKnownFileType = wrapper.framework; name = CoreMotion.framework; path = System/Library/Frameworks/CoreMotion.framework; sourceTree = SDKROOT; };
		0C2117A452884E809D8F0909 /* QuartzCore.framework */ = {isa = PBXFileReference; explicitFileType = undefined; fileEncoding = 9; includeInIndex = 0; lastKnownFileType = wrapper.framework; name = QuartzCore.framework; path = System/Library/Frameworks/QuartzCore.framework; sourceTree = SDKROOT; };
		0F842B5DDDA340B58B29ED49 /* CDVFile.h */ = {isa = PBXFileReference; explicitFileType = undefined; fileEncoding = 4; includeInIndex = 0; lastKnownFileType = sourcecode.c.h; name = CDVFile.h; path = "cordova-plugin-file/CDVFile.h"; sourceTree = "<group>"; };
		1114F9F306654F639BFD7E2A /* AddressBook.framework */ = {isa = PBXFileReference; explicitFileType = undefined; fileEncoding = 9; includeInIndex = 0; lastKnownFileType = wrapper.framework; name = AddressBook.framework; path = System/Library/Frameworks/AddressBook.framework; sourceTree = SDKROOT; };
		1149DE2799CD4FADAE5FC007 /* UIImage+CropScaleOrientation.h */ = {isa = PBXFileReference; explicitFileType = undefined; fileEncoding = 4; includeInIndex = 0; lastKnownFileType = sourcecode.c.h; name = "UIImage+CropScaleOrientation.h"; path = "cordova-plugin-camera/UIImage+CropScaleOrientation.h"; sourceTree = "<group>"; };
		114EC72834C844A6BBAB605B /* CDVSound.h */ = {isa = PBXFileReference; explicitFileType = undefined; fileEncoding = 4; includeInIndex = 0; lastKnownFileType = sourcecode.c.h; name = CDVSound.h; path = "cordova-plugin-media/CDVSound.h"; sourceTree = "<group>"; };
		125217802E7F4A019764AB7A /* CDVFileTransfer.m */ = {isa = PBXFileReference; explicitFileType = undefined; fileEncoding = 4; includeInIndex = 0; lastKnownFileType = sourcecode.c.objc; name = CDVFileTransfer.m; path = "cordova-plugin-file-transfer/CDVFileTransfer.m"; sourceTree = "<group>"; };
		12801F0D5F704D9D939DE734 /* CDVContacts.m */ = {isa = PBXFileReference; explicitFileType = undefined; fileEncoding = 4; includeInIndex = 0; lastKnownFileType = sourcecode.c.objc; name = CDVContacts.m; path = "cordova-plugin-contacts/CDVContacts.m"; sourceTree = "<group>"; };
		13643FF8CD304C429C34DEE8 /* CDVCamera.h */ = {isa = PBXFileReference; explicitFileType = undefined; fileEncoding = 4; includeInIndex = 0; lastKnownFileType = sourcecode.c.h; name = CDVCamera.h; path = "cordova-plugin-camera/CDVCamera.h"; sourceTree = "<group>"; };
		13A86C9321174579809766CB /* CDVLocation.h */ = {isa = PBXFileReference; explicitFileType = undefined; fileEncoding = 4; includeInIndex = 0; lastKnownFileType = sourcecode.c.h; name = CDVLocation.h; path = "cordova-plugin-geolocation/CDVLocation.h"; sourceTree = "<group>"; };
		19DD2204806E4263A9AC70B8 /* libGcmLib.a */ = {isa = PBXFileReference; explicitFileType = undefined; fileEncoding = 9; includeInIndex = 0; lastKnownFileType = archive.ar; name = libGcmLib.a; path = "Mercury/Plugins/phonegap-plugin-push/GCM/Libraries/libGcmLib.a"; sourceTree = "<group>"; };
		1B7FFDE025DD4BC7B61F2BAE /* libGTM_NSDictionary+URLArguments.a */ = {isa = PBXFileReference; explicitFileType = undefined; fileEncoding = 9; includeInIndex = 0; lastKnownFileType = archive.ar; name = "libGTM_NSDictionary+URLArguments.a"; path = "Mercury/Plugins/phonegap-plugin-push/GCM/Libraries/libGTM_NSDictionary+URLArguments.a"; sourceTree = "<group>"; };
		1D347E4B86B14E2CA715038F /* GGLInstanceIDHeaders.h */ = {isa = PBXFileReference; explicitFileType = undefined; fileEncoding = 4; includeInIndex = 0; lastKnownFileType = sourcecode.c.h; name = GGLInstanceIDHeaders.h; path = "phonegap-plugin-push/GCM/Headers/GGLInstanceIDHeaders.h"; sourceTree = "<group>"; };
		1D3623240D0F684500981E51 /* AppDelegate.h */ = {isa = PBXFileReference; fileEncoding = 4; lastKnownFileType = sourcecode.c.h; path = AppDelegate.h; sourceTree = "<group>"; };
		1D3623250D0F684500981E51 /* AppDelegate.m */ = {isa = PBXFileReference; fileEncoding = 4; lastKnownFileType = sourcecode.c.objc; path = AppDelegate.m; sourceTree = "<group>"; };
		1D6058910D05DD3D006BFB54 /* Mercury.app */ = {isa = PBXFileReference; explicitFileType = wrapper.application; includeInIndex = 0; path = Mercury.app; sourceTree = BUILT_PRODUCTS_DIR; };
		20497DB1656F47DEBD8596D1 /* GGLInstanceID.h */ = {isa = PBXFileReference; explicitFileType = undefined; fileEncoding = 4; includeInIndex = 0; lastKnownFileType = sourcecode.c.h; name = GGLInstanceID.h; path = "phonegap-plugin-push/GCM/Headers/GGLInstanceID.h"; sourceTree = "<group>"; };
		20A3BA4CC4E449FD91249CEF /* libGTM_NSStringXML.a */ = {isa = PBXFileReference; explicitFileType = undefined; fileEncoding = 9; includeInIndex = 0; lastKnownFileType = archive.ar; name = libGTM_NSStringXML.a; path = "Mercury/Plugins/phonegap-plugin-push/GCM/Libraries/libGTM_NSStringXML.a"; sourceTree = "<group>"; };
		21B47213C8F1465695F82BB1 /* CDVContacts.h */ = {isa = PBXFileReference; explicitFileType = undefined; fileEncoding = 4; includeInIndex = 0; lastKnownFileType = sourcecode.c.h; name = CDVContacts.h; path = "cordova-plugin-contacts/CDVContacts.h"; sourceTree = "<group>"; };
		21D2ED6040294239B994B934 /* libGTM_Regex.a */ = {isa = PBXFileReference; explicitFileType = undefined; fileEncoding = 9; includeInIndex = 0; lastKnownFileType = archive.ar; name = libGTM_Regex.a; path = "Mercury/Plugins/phonegap-plugin-push/GCM/Libraries/libGTM_Regex.a"; sourceTree = "<group>"; };
		25F6345419104FCC9050F9E7 /* CDVLocalFilesystem.m */ = {isa = PBXFileReference; explicitFileType = undefined; fileEncoding = 4; includeInIndex = 0; lastKnownFileType = sourcecode.c.objc; name = CDVLocalFilesystem.m; path = "cordova-plugin-file/CDVLocalFilesystem.m"; sourceTree = "<group>"; };
		268FED2E02FF4B41ACB084F7 /* libsqlite3.tbd */ = {isa = PBXFileReference; explicitFileType = undefined; fileEncoding = 9; includeInIndex = 0; lastKnownFileType = unknown; path = libsqlite3.tbd; sourceTree = "<group>"; };
		29B97316FDCFA39411CA2CEA /* main.m */ = {isa = PBXFileReference; fileEncoding = 4; lastKnownFileType = sourcecode.c.objc; path = main.m; sourceTree = "<group>"; };
		2FEF23BF6C3F486497A184CD /* CDVNotification.bundle */ = {isa = PBXFileReference; explicitFileType = undefined; fileEncoding = 9; includeInIndex = 0; lastKnownFileType = "wrapper.plug-in"; path = CDVNotification.bundle; sourceTree = "<group>"; };
		301BF52D109A57CC0062928A /* CordovaLib.xcodeproj */ = {isa = PBXFileReference; lastKnownFileType = "wrapper.pb-project"; name = CordovaLib.xcodeproj; path = CordovaLib/CordovaLib.xcodeproj; sourceTree = "<group>"; };
		301BF56E109A69640062928A /* www */ = {isa = PBXFileReference; lastKnownFileType = folder; path = www; sourceTree = SOURCE_ROOT; };
		302D95EE14D2391D003F00A1 /* MainViewController.h */ = {isa = PBXFileReference; fileEncoding = 4; lastKnownFileType = sourcecode.c.h; path = MainViewController.h; sourceTree = "<group>"; };
		302D95EF14D2391D003F00A1 /* MainViewController.m */ = {isa = PBXFileReference; fileEncoding = 4; lastKnownFileType = sourcecode.c.objc; path = MainViewController.m; sourceTree = "<group>"; };
		302D95F014D2391D003F00A1 /* MainViewController.xib */ = {isa = PBXFileReference; fileEncoding = 4; lastKnownFileType = file.xib; path = MainViewController.xib; sourceTree = "<group>"; };
		3047A50F1AB8059700498E2A /* build-debug.xcconfig */ = {isa = PBXFileReference; fileEncoding = 4; lastKnownFileType = text.xcconfig; name = "build-debug.xcconfig"; path = "cordova/build-debug.xcconfig"; sourceTree = SOURCE_ROOT; };
		3047A5101AB8059700498E2A /* build-release.xcconfig */ = {isa = PBXFileReference; fileEncoding = 4; lastKnownFileType = text.xcconfig; name = "build-release.xcconfig"; path = "cordova/build-release.xcconfig"; sourceTree = SOURCE_ROOT; };
		3047A5111AB8059700498E2A /* build.xcconfig */ = {isa = PBXFileReference; fileEncoding = 4; lastKnownFileType = text.xcconfig; name = build.xcconfig; path = cordova/build.xcconfig; sourceTree = SOURCE_ROOT; };
		30CC9D641B674E0EB15C1851 /* CDVFile.m */ = {isa = PBXFileReference; explicitFileType = undefined; fileEncoding = 4; includeInIndex = 0; lastKnownFileType = sourcecode.c.objc; name = CDVFile.m; path = "cordova-plugin-file/CDVFile.m"; sourceTree = "<group>"; };
		3284466EBC134CF9BF7351D6 /* CDVJpegHeaderWriter.m */ = {isa = PBXFileReference; explicitFileType = undefined; fileEncoding = 4; includeInIndex = 0; lastKnownFileType = sourcecode.c.objc; name = CDVJpegHeaderWriter.m; path = "cordova-plugin-camera/CDVJpegHeaderWriter.m"; sourceTree = "<group>"; };
		32CA4F630368D1EE00C91783 /* Mercury-Prefix.pch */ = {isa = PBXFileReference; fileEncoding = 4; lastKnownFileType = sourcecode.c.h; path = "Mercury-Prefix.pch"; sourceTree = "<group>"; };
		35C0E95909D64E24A634D371 /* CDVAccelerometer.h */ = {isa = PBXFileReference; explicitFileType = undefined; fileEncoding = 4; includeInIndex = 0; lastKnownFileType = sourcecode.c.h; name = CDVAccelerometer.h; path = "cordova-plugin-device-motion/CDVAccelerometer.h"; sourceTree = "<group>"; };
		35FC2302C38C4D98A6DDAE6A /* GCMConfig.h */ = {isa = PBXFileReference; explicitFileType = undefined; fileEncoding = 4; includeInIndex = 0; lastKnownFileType = sourcecode.c.h; name = GCMConfig.h; path = "phonegap-plugin-push/GCM/Headers/GCMConfig.h"; sourceTree = "<group>"; };
		36D10E9A5C7C4706801A8C2A /* GGLInstanceIDDelegate.h */ = {isa = PBXFileReference; explicitFileType = undefined; fileEncoding = 4; includeInIndex = 0; lastKnownFileType = sourcecode.c.h; name = GGLInstanceIDDelegate.h; path = "phonegap-plugin-push/GCM/Headers/GGLInstanceIDDelegate.h"; sourceTree = "<group>"; };
		371C850CCBA1450786FD9DEC /* CDVContact.m */ = {isa = PBXFileReference; explicitFileType = undefined; fileEncoding = 4; includeInIndex = 0; lastKnownFileType = sourcecode.c.objc; name = CDVContact.m; path = "cordova-plugin-contacts/CDVContact.m"; sourceTree = "<group>"; };
		383DBD30A0DC40958337622F /* libGTMStackTrace.a */ = {isa = PBXFileReference; explicitFileType = undefined; fileEncoding = 9; includeInIndex = 0; lastKnownFileType = archive.ar; name = libGTMStackTrace.a; path = "Mercury/Plugins/phonegap-plugin-push/GCM/Libraries/libGTMStackTrace.a"; sourceTree = "<group>"; };
		3A7D94C585BA42A4B345841E /* CDVCompass.h */ = {isa = PBXFileReference; explicitFileType = undefined; fileEncoding = 4; includeInIndex = 0; lastKnownFileType = sourcecode.c.h; name = CDVCompass.h; path = "cordova-plugin-device-orientation/CDVCompass.h"; sourceTree = "<group>"; };
		460E3165CDE0486A9C7AA85A /* libGTM_NSStringHTML.a */ = {isa = PBXFileReference; explicitFileType = undefined; fileEncoding = 9; includeInIndex = 0; lastKnownFileType = archive.ar; name = libGTM_NSStringHTML.a; path = "Mercury/Plugins/phonegap-plugin-push/GCM/Libraries/libGTM_NSStringHTML.a"; sourceTree = "<group>"; };
		486CD10A80044C979C4FDAEC /* CDVViewController+SplashScreen.m */ = {isa = PBXFileReference; explicitFileType = undefined; fileEncoding = 4; includeInIndex = 0; lastKnownFileType = sourcecode.c.objc; name = "CDVViewController+SplashScreen.m"; path = "cordova-plugin-splashscreen/CDVViewController+SplashScreen.m"; sourceTree = "<group>"; };
		4B0FA5122DE44493B8D00B91 /* libGTM_NSData+zlib.a */ = {isa = PBXFileReference; explicitFileType = undefined; fileEncoding = 9; includeInIndex = 0; lastKnownFileType = archive.ar; name = "libGTM_NSData+zlib.a"; path = "Mercury/Plugins/phonegap-plugin-push/GCM/Libraries/libGTM_NSData+zlib.a"; sourceTree = "<group>"; };
		4BC225A999774BCC89B516EA /* CDVDevice.m */ = {isa = PBXFileReference; explicitFileType = undefined; fileEncoding = 4; includeInIndex = 0; lastKnownFileType = sourcecode.c.objc; name = CDVDevice.m; path = "cordova-plugin-device/CDVDevice.m"; sourceTree = "<group>"; };
		4C1D71A7E519489AA38646AA /* CDVViewController+SplashScreen.h */ = {isa = PBXFileReference; explicitFileType = undefined; fileEncoding = 4; includeInIndex = 0; lastKnownFileType = sourcecode.c.h; name = "CDVViewController+SplashScreen.h"; path = "cordova-plugin-splashscreen/CDVViewController+SplashScreen.h"; sourceTree = "<group>"; };
		519CB9AE06B249B199CE124D /* CDVFileTransfer.h */ = {isa = PBXFileReference; explicitFileType = undefined; fileEncoding = 4; includeInIndex = 0; lastKnownFileType = sourcecode.c.h; name = CDVFileTransfer.h; path = "cordova-plugin-file-transfer/CDVFileTransfer.h"; sourceTree = "<group>"; };
		531E57AA29FD497B81A6AC0E /* CDVSound.m */ = {isa = PBXFileReference; explicitFileType = undefined; fileEncoding = 4; includeInIndex = 0; lastKnownFileType = sourcecode.c.objc; name = CDVSound.m; path = "cordova-plugin-media/CDVSound.m"; sourceTree = "<group>"; };
		552A5EF29C0D45C5AD117789 /* libGTMSessionFetcher_full.a */ = {isa = PBXFileReference; explicitFileType = undefined; fileEncoding = 9; includeInIndex = 0; lastKnownFileType = archive.ar; name = libGTMSessionFetcher_full.a; path = "Mercury/Plugins/phonegap-plugin-push/GCM/Libraries/libGTMSessionFetcher_full.a"; sourceTree = "<group>"; };
		5768ABC6FC4E452793BE77AD /* CloudMessaging.h */ = {isa = PBXFileReference; explicitFileType = undefined; fileEncoding = 4; includeInIndex = 0; lastKnownFileType = sourcecode.c.h; name = CloudMessaging.h; path = "phonegap-plugin-push/GCM/Headers/CloudMessaging.h"; sourceTree = "<group>"; };
		592D7073FF4C4A54B5DB6309 /* CDVExif.h */ = {isa = PBXFileReference; explicitFileType = undefined; fileEncoding = 4; includeInIndex = 0; lastKnownFileType = sourcecode.c.h; name = CDVExif.h; path = "cordova-plugin-camera/CDVExif.h"; sourceTree = "<group>"; };
		5A3E5C591CAA49BE8D640365 /* CDVJpegHeaderWriter.h */ = {isa = PBXFileReference; explicitFileType = undefined; fileEncoding = 4; includeInIndex = 0; lastKnownFileType = sourcecode.c.h; name = CDVJpegHeaderWriter.h; path = "cordova-plugin-camera/CDVJpegHeaderWriter.h"; sourceTree = "<group>"; };
		5B5B901833A949B0829E06C2 /* libGTM_NSScannerJSON.a */ = {isa = PBXFileReference; explicitFileType = undefined; fileEncoding = 9; includeInIndex = 0; lastKnownFileType = archive.ar; name = libGTM_NSScannerJSON.a; path = "Mercury/Plugins/phonegap-plugin-push/GCM/Libraries/libGTM_NSScannerJSON.a"; sourceTree = "<group>"; };
		5BF387F9D0A84471B2DA78F8 /* CDVCompass.m */ = {isa = PBXFileReference; explicitFileType = undefined; fileEncoding = 4; includeInIndex = 0; lastKnownFileType = sourcecode.c.objc; name = CDVCompass.m; path = "cordova-plugin-device-orientation/CDVCompass.m"; sourceTree = "<group>"; };
		5D735AD53D0D43E3A9BB145E /* libGTM_RoundedRectPath.a */ = {isa = PBXFileReference; explicitFileType = undefined; fileEncoding = 9; includeInIndex = 0; lastKnownFileType = archive.ar; name = libGTM_RoundedRectPath.a; path = "Mercury/Plugins/phonegap-plugin-push/GCM/Libraries/libGTM_RoundedRectPath.a"; sourceTree = "<group>"; };
		5D856AED5F2B4670AFFBD790 /* libGTM_KVO.a */ = {isa = PBXFileReference; explicitFileType = undefined; fileEncoding = 9; includeInIndex = 0; lastKnownFileType = archive.ar; name = libGTM_KVO.a; path = "Mercury/Plugins/phonegap-plugin-push/GCM/Libraries/libGTM_KVO.a"; sourceTree = "<group>"; };
		5DB4F797E752455F8E1FB0E4 /* CDVCapture.m */ = {isa = PBXFileReference; explicitFileType = undefined; fileEncoding = 4; includeInIndex = 0; lastKnownFileType = sourcecode.c.objc; name = CDVCapture.m; path = "cordova-plugin-media-capture/CDVCapture.m"; sourceTree = "<group>"; };
		60456879A48D46CB9B1AF675 /* UIImage+CropScaleOrientation.m */ = {isa = PBXFileReference; explicitFileType = undefined; fileEncoding = 4; includeInIndex = 0; lastKnownFileType = sourcecode.c.objc; name = "UIImage+CropScaleOrientation.m"; path = "cordova-plugin-camera/UIImage+CropScaleOrientation.m"; sourceTree = "<group>"; };
		61CBFFB370ED4CF09F1547DA /* CDVLocation.m */ = {isa = PBXFileReference; explicitFileType = undefined; fileEncoding = 4; includeInIndex = 0; lastKnownFileType = sourcecode.c.objc; name = CDVLocation.m; path = "cordova-plugin-geolocation/CDVLocation.m"; sourceTree = "<group>"; };
		648285B0CB9749A3A6AFD969 /* PushPlugin.h */ = {isa = PBXFileReference; explicitFileType = undefined; fileEncoding = 4; includeInIndex = 0; lastKnownFileType = sourcecode.c.h; name = PushPlugin.h; path = "phonegap-plugin-push/PushPlugin.h"; sourceTree = "<group>"; };
		64C17B55D0AD4FD2884FE12E /* CoreTelephony.framework */ = {isa = PBXFileReference; explicitFileType = undefined; fileEncoding = 9; includeInIndex = 0; lastKnownFileType = wrapper.framework; name = CoreTelephony.framework; path = System/Library/Frameworks/CoreTelephony.framework; sourceTree = SDKROOT; };
		64E92941385648EAB800ED85 /* CDVDevice.h */ = {isa = PBXFileReference; explicitFileType = undefined; fileEncoding = 4; includeInIndex = 0; lastKnownFileType = sourcecode.c.h; name = CDVDevice.h; path = "cordova-plugin-device/CDVDevice.h"; sourceTree = "<group>"; };
		657A1611B02F4C6C9D1569DA /* CDVConnection.m */ = {isa = PBXFileReference; explicitFileType = undefined; fileEncoding = 4; includeInIndex = 0; lastKnownFileType = sourcecode.c.objc; name = CDVConnection.m; path = "cordova-plugin-network-information/CDVConnection.m"; sourceTree = "<group>"; };
		659BA7EDC0C942CC8D193599 /* CDVAssetLibraryFilesystem.h */ = {isa = PBXFileReference; explicitFileType = undefined; fileEncoding = 4; includeInIndex = 0; lastKnownFileType = sourcecode.c.h; name = CDVAssetLibraryFilesystem.h; path = "cordova-plugin-file/CDVAssetLibraryFilesystem.h"; sourceTree = "<group>"; };
		66644FC7B39F496883C53272 /* AppDelegate+notification.m */ = {isa = PBXFileReference; explicitFileType = undefined; fileEncoding = 4; includeInIndex = 0; lastKnownFileType = sourcecode.c.objc; name = "AppDelegate+notification.m"; path = "phonegap-plugin-push/AppDelegate+notification.m"; sourceTree = "<group>"; };
		68F40D91AF2A463CABFDF1E5 /* libGTMSessionFetcher_core.a */ = {isa = PBXFileReference; explicitFileType = undefined; fileEncoding = 9; includeInIndex = 0; lastKnownFileType = archive.ar; name = libGTMSessionFetcher_core.a; path = "Mercury/Plugins/phonegap-plugin-push/GCM/Libraries/libGTMSessionFetcher_core.a"; sourceTree = "<group>"; };
		6C6BC3AA747642DEBEEC4B15 /* libGTM_AddressBook.a */ = {isa = PBXFileReference; explicitFileType = undefined; fileEncoding = 9; includeInIndex = 0; lastKnownFileType = archive.ar; name = libGTM_AddressBook.a; path = "Mercury/Plugins/phonegap-plugin-push/GCM/Libraries/libGTM_AddressBook.a"; sourceTree = "<group>"; };
		728442D1FB5A4C25BB482523 /* libGTM_core.a */ = {isa = PBXFileReference; explicitFileType = undefined; fileEncoding = 9; includeInIndex = 0; lastKnownFileType = archive.ar; name = libGTM_core.a; path = "Mercury/Plugins/phonegap-plugin-push/GCM/Libraries/libGTM_core.a"; sourceTree = "<group>"; };
		74309A47F75246978B2E229D /* libGGLCore.a */ = {isa = PBXFileReference; explicitFileType = undefined; fileEncoding = 9; includeInIndex = 0; lastKnownFileType = archive.ar; name = libGGLCore.a; path = "Mercury/Plugins/phonegap-plugin-push/GCM/Libraries/libGGLCore.a"; sourceTree = "<group>"; };
		7504F5E00B8844CBB2297D4B /* CDVStatusBar.m */ = {isa = PBXFileReference; explicitFileType = undefined; fileEncoding = 4; includeInIndex = 0; lastKnownFileType = sourcecode.c.objc; name = CDVStatusBar.m; path = "cordova-plugin-statusbar/CDVStatusBar.m"; sourceTree = "<group>"; };
		759E2A311BEE4B24AF0BF0D7 /* CDVNotification.h */ = {isa = PBXFileReference; explicitFileType = undefined; fileEncoding = 4; includeInIndex = 0; lastKnownFileType = sourcecode.c.h; name = CDVNotification.h; path = "cordova-plugin-dialogs/CDVNotification.h"; sourceTree = "<group>"; };
		7A1DCD5445B14B9FA6D25FE1 /* CDVReachability.m */ = {isa = PBXFileReference; explicitFileType = undefined; fileEncoding = 4; includeInIndex = 0; lastKnownFileType = sourcecode.c.objc; name = CDVReachability.m; path = "cordova-plugin-network-information/CDVReachability.m"; sourceTree = "<group>"; };
		7AA78BCF08594BE3AE925767 /* CDVSplashScreen.h */ = {isa = PBXFileReference; explicitFileType = undefined; fileEncoding = 4; includeInIndex = 0; lastKnownFileType = sourcecode.c.h; name = CDVSplashScreen.h; path = "cordova-plugin-splashscreen/CDVSplashScreen.h"; sourceTree = "<group>"; };
		7E9A053486AF47929009136B /* GGLContext+CloudMessaging.h */ = {isa = PBXFileReference; explicitFileType = undefined; fileEncoding = 4; includeInIndex = 0; lastKnownFileType = sourcecode.c.h; name = "GGLContext+CloudMessaging.h"; path = "phonegap-plugin-push/GCM/Headers/GGLContext+CloudMessaging.h"; sourceTree = "<group>"; };
		84571062420F44639E5BBA5A /* CDVSplashScreen.m */ = {isa = PBXFileReference; explicitFileType = undefined; fileEncoding = 4; includeInIndex = 0; lastKnownFileType = sourcecode.c.objc; name = CDVSplashScreen.m; path = "cordova-plugin-splashscreen/CDVSplashScreen.m"; sourceTree = "<group>"; };
		8704441E98F34C50B787C291 /* CoreImage.framework */ = {isa = PBXFileReference; explicitFileType = undefined; fileEncoding = 9; includeInIndex = 0; lastKnownFileType = wrapper.framework; name = CoreImage.framework; path = System/Library/Frameworks/CoreImage.framework; sourceTree = SDKROOT; };
		87A7664828FC4054B50D3441 /* CDVBattery.m */ = {isa = PBXFileReference; explicitFileType = undefined; fileEncoding = 4; includeInIndex = 0; lastKnownFileType = sourcecode.c.objc; name = CDVBattery.m; path = "cordova-plugin-battery-status/CDVBattery.m"; sourceTree = "<group>"; };
		896577B578A44CF8BB46C7C8 /* CDVStatusBar.h */ = {isa = PBXFileReference; explicitFileType = undefined; fileEncoding = 4; includeInIndex = 0; lastKnownFileType = sourcecode.c.h; name = CDVStatusBar.h; path = "cordova-plugin-statusbar/CDVStatusBar.h"; sourceTree = "<group>"; };
		8CB7F4458F4E4C1B84EAC5ED /* libGTM_GTMURLBuilder.a */ = {isa = PBXFileReference; explicitFileType = undefined; fileEncoding = 9; includeInIndex = 0; lastKnownFileType = archive.ar; name = libGTM_GTMURLBuilder.a; path = "Mercury/Plugins/phonegap-plugin-push/GCM/Libraries/libGTM_GTMURLBuilder.a"; sourceTree = "<group>"; };
		8D1107310486CEB800E47090 /* Mercury-Info.plist */ = {isa = PBXFileReference; fileEncoding = 4; lastKnownFileType = text.plist.xml; name = "Mercury-Info.plist"; path = "Mercury/Mercury-Info.plist"; plistStructureDefinitionIdentifier = "com.apple.xcode.plist.structure-definition.iphone.info-plist"; sourceTree = SOURCE_ROOT; };
		90E32A78360C4347B7E2859E /* libGTM_iPhone.a */ = {isa = PBXFileReference; explicitFileType = undefined; fileEncoding = 9; includeInIndex = 0; lastKnownFileType = archive.ar; name = libGTM_iPhone.a; path = "Mercury/Plugins/phonegap-plugin-push/GCM/Libraries/libGTM_iPhone.a"; sourceTree = "<group>"; };
		914DF6D66F9142AB9FEB47CE /* CDVAccelerometer.m */ = {isa = PBXFileReference; explicitFileType = undefined; fileEncoding = 4; includeInIndex = 0; lastKnownFileType = sourcecode.c.objc; name = CDVAccelerometer.m; path = "cordova-plugin-device-motion/CDVAccelerometer.m"; sourceTree = "<group>"; };
		93945F9878EA4D478A8475B1 /* CDVGlobalization.h */ = {isa = PBXFileReference; explicitFileType = undefined; fileEncoding = 4; includeInIndex = 0; lastKnownFileType = sourcecode.c.h; name = CDVGlobalization.h; path = "cordova-plugin-globalization/CDVGlobalization.h"; sourceTree = "<group>"; };
		965B4909D7AE4E9F8E265882 /* CDVInAppBrowser.h */ = {isa = PBXFileReference; explicitFileType = undefined; fileEncoding = 4; includeInIndex = 0; lastKnownFileType = sourcecode.c.h; name = CDVInAppBrowser.h; path = "cordova-plugin-inappbrowser/CDVInAppBrowser.h"; sourceTree = "<group>"; };
		971098E3D47F4A05B2E82A59 /* libGTM_UIFont+LineHeight.a */ = {isa = PBXFileReference; explicitFileType = undefined; fileEncoding = 9; includeInIndex = 0; lastKnownFileType = archive.ar; name = "libGTM_UIFont+LineHeight.a"; path = "Mercury/Plugins/phonegap-plugin-push/GCM/Libraries/libGTM_UIFont+LineHeight.a"; sourceTree = "<group>"; };
		9DEAA4AB277F441AB9BDA4B2 /* scannerOverlay.xib */ = {isa = PBXFileReference; explicitFileType = undefined; fileEncoding = 9; includeInIndex = 0; lastKnownFileType = file.xib; path = scannerOverlay.xib; sourceTree = "<group>"; };
		9FC06D75A2514457A411817D /* CDVVibration.h */ = {isa = PBXFileReference; explicitFileType = undefined; fileEncoding = 4; includeInIndex = 0; lastKnownFileType = sourcecode.c.h; name = CDVVibration.h; path = "cordova-plugin-vibration/CDVVibration.h"; sourceTree = "<group>"; };
		A0091C46715E47D99A044DFE /* zxing-all-in-one.cpp */ = {isa = PBXFileReference; explicitFileType = undefined; fileEncoding = 9; includeInIndex = 0; lastKnownFileType = unknown; name = "zxing-all-in-one.cpp"; path = "phonegap-plugin-barcodescanner/zxing-all-in-one.cpp"; sourceTree = "<group>"; };
		A2C6D35FC6AA468581E29DFC /* CDVConnection.h */ = {isa = PBXFileReference; explicitFileType = undefined; fileEncoding = 4; includeInIndex = 0; lastKnownFileType = sourcecode.c.h; name = CDVConnection.h; path = "cordova-plugin-network-information/CDVConnection.h"; sourceTree = "<group>"; };
		A325BA31CB7146AD98922EAB /* CDVGlobalization.m */ = {isa = PBXFileReference; explicitFileType = undefined; fileEncoding = 4; includeInIndex = 0; lastKnownFileType = sourcecode.c.objc; name = CDVGlobalization.m; path = "cordova-plugin-globalization/CDVGlobalization.m"; sourceTree = "<group>"; };
		A8F52E22530B42C0A6EEF712 /* CDVContact.h */ = {isa = PBXFileReference; explicitFileType = undefined; fileEncoding = 4; includeInIndex = 0; lastKnownFileType = sourcecode.c.h; name = CDVContact.h; path = "cordova-plugin-contacts/CDVContact.h"; sourceTree = "<group>"; };
		A8FA1961FFC5440CA79E2388 /* AppDelegate+notification.h */ = {isa = PBXFileReference; explicitFileType = undefined; fileEncoding = 4; includeInIndex = 0; lastKnownFileType = sourcecode.c.h; name = "AppDelegate+notification.h"; path = "phonegap-plugin-push/AppDelegate+notification.h"; sourceTree = "<group>"; };
		A95627DDE6594F94AF3E3AE3 /* CDVBattery.h */ = {isa = PBXFileReference; explicitFileType = undefined; fileEncoding = 4; includeInIndex = 0; lastKnownFileType = sourcecode.c.h; name = CDVBattery.h; path = "cordova-plugin-battery-status/CDVBattery.h"; sourceTree = "<group>"; };
		AE84881B4797422882690AEF /* libGTM_StringEncoding.a */ = {isa = PBXFileReference; explicitFileType = undefined; fileEncoding = 9; includeInIndex = 0; lastKnownFileType = archive.ar; name = libGTM_StringEncoding.a; path = "Mercury/Plugins/phonegap-plugin-push/GCM/Libraries/libGTM_StringEncoding.a"; sourceTree = "<group>"; };
		AF79BCDF7805498387DA1EA9 /* AVFoundation.framework */ = {isa = PBXFileReference; explicitFileType = undefined; fileEncoding = 9; includeInIndex = 0; lastKnownFileType = wrapper.framework; name = AVFoundation.framework; path = System/Library/Frameworks/AVFoundation.framework; sourceTree = SDKROOT; };
		B0F9BE4A6EC44F87A8E484AE /* CDVNotification.m */ = {isa = PBXFileReference; explicitFileType = undefined; fileEncoding = 4; includeInIndex = 0; lastKnownFileType = sourcecode.c.objc; name = CDVNotification.m; path = "cordova-plugin-dialogs/CDVNotification.m"; sourceTree = "<group>"; };
		B202A7B698F341E98850940A /* GGLContext.h */ = {isa = PBXFileReference; explicitFileType = undefined; fileEncoding = 4; includeInIndex = 0; lastKnownFileType = sourcecode.c.h; name = GGLContext.h; path = "phonegap-plugin-push/GCM/Headers/GGLContext.h"; sourceTree = "<group>"; };
		B333A76BE3F947EFA0EABE92 /* libGTM_SystemVersion.a */ = {isa = PBXFileReference; explicitFileType = undefined; fileEncoding = 9; includeInIndex = 0; lastKnownFileType = archive.ar; name = libGTM_SystemVersion.a; path = "Mercury/Plugins/phonegap-plugin-push/GCM/Libraries/libGTM_SystemVersion.a"; sourceTree = "<group>"; };
		B36EA311A02348F8B7A76C4A /* PushPlugin.m */ = {isa = PBXFileReference; explicitFileType = undefined; fileEncoding = 4; includeInIndex = 0; lastKnownFileType = sourcecode.c.objc; name = PushPlugin.m; path = "phonegap-plugin-push/PushPlugin.m"; sourceTree = "<group>"; };
		B594B2839B514D07ACF1F02B /* CDVInAppBrowser.m */ = {isa = PBXFileReference; explicitFileType = undefined; fileEncoding = 4; includeInIndex = 0; lastKnownFileType = sourcecode.c.objc; name = CDVInAppBrowser.m; path = "cordova-plugin-inappbrowser/CDVInAppBrowser.m"; sourceTree = "<group>"; };
		B5E0583058A94D1C9D98F94C /* GGLInstanceIDConfig.h */ = {isa = PBXFileReference; explicitFileType = undefined; fileEncoding = 4; includeInIndex = 0; lastKnownFileType = sourcecode.c.h; name = GGLInstanceIDConfig.h; path = "phonegap-plugin-push/GCM/Headers/GGLInstanceIDConfig.h"; sourceTree = "<group>"; };
		B6E43D4775A0441696AC1124 /* CoreVideo.framework */ = {isa = PBXFileReference; explicitFileType = undefined; fileEncoding = 9; includeInIndex = 0; lastKnownFileType = wrapper.framework; name = CoreVideo.framework; path = System/Library/Frameworks/CoreVideo.framework; sourceTree = SDKROOT; };
		C057DE233F884F298E956D33 /* GGLErrorCode.h */ = {isa = PBXFileReference; explicitFileType = undefined; fileEncoding = 4; includeInIndex = 0; lastKnownFileType = sourcecode.c.h; name = GGLErrorCode.h; path = "phonegap-plugin-push/GCM/Headers/GGLErrorCode.h"; sourceTree = "<group>"; };
		C079D94B4B5746B89CA91391 /* CDVReachability.h */ = {isa = PBXFileReference; explicitFileType = undefined; fileEncoding = 4; includeInIndex = 0; lastKnownFileType = sourcecode.c.h; name = CDVReachability.h; path = "cordova-plugin-network-information/CDVReachability.h"; sourceTree = "<group>"; };
		C1409F805ED545D28F56DE59 /* libGSDK_Overload.a */ = {isa = PBXFileReference; explicitFileType = undefined; fileEncoding = 9; includeInIndex = 0; lastKnownFileType = archive.ar; name = libGSDK_Overload.a; path = "Mercury/Plugins/phonegap-plugin-push/GCM/Libraries/libGSDK_Overload.a"; sourceTree = "<group>"; };
		C3442C9C38784B4488BC754F /* libiconv.dylib */ = {isa = PBXFileReference; explicitFileType = undefined; fileEncoding = 9; includeInIndex = 0; lastKnownFileType = "compiled.mach-o.dylib"; name = libiconv.dylib; path = usr/lib/libiconv.dylib; sourceTree = SDKROOT; };
		C3CBF1AC2A514D5696F50928 /* CDVAssetLibraryFilesystem.m */ = {isa = PBXFileReference; explicitFileType = undefined; fileEncoding = 4; includeInIndex = 0; lastKnownFileType = sourcecode.c.objc; name = CDVAssetLibraryFilesystem.m; path = "cordova-plugin-file/CDVAssetLibraryFilesystem.m"; sourceTree = "<group>"; };
		CAA42E3037434D30AAD54446 /* Core.h */ = {isa = PBXFileReference; explicitFileType = undefined; fileEncoding = 4; includeInIndex = 0; lastKnownFileType = sourcecode.c.h; name = Core.h; path = "phonegap-plugin-push/GCM/Headers/Core.h"; sourceTree = "<group>"; };
		CDF890C53FD4404E8B7CF7CD /* GCMReceiverDelegate.h */ = {isa = PBXFileReference; explicitFileType = undefined; fileEncoding = 4; includeInIndex = 0; lastKnownFileType = sourcecode.c.h; name = GCMReceiverDelegate.h; path = "phonegap-plugin-push/GCM/Headers/GCMReceiverDelegate.h"; sourceTree = "<group>"; };
		CE9476C4CB694247822188D5 /* zxing-all-in-one.h */ = {isa = PBXFileReference; explicitFileType = undefined; fileEncoding = 4; includeInIndex = 0; lastKnownFileType = sourcecode.c.h; name = "zxing-all-in-one.h"; path = "phonegap-plugin-barcodescanner/zxing-all-in-one.h"; sourceTree = "<group>"; };
		D6A7304AB64B4994930DB8B6 /* CoreLocation.framework */ = {isa = PBXFileReference; explicitFileType = undefined; fileEncoding = 9; includeInIndex = 0; lastKnownFileType = wrapper.framework; name = CoreLocation.framework; path = System/Library/Frameworks/CoreLocation.framework; sourceTree = SDKROOT; };
		D839B68452764170B040EE98 /* AudioToolbox.framework */ = {isa = PBXFileReference; explicitFileType = undefined; fileEncoding = 9; includeInIndex = 0; lastKnownFileType = wrapper.framework; name = AudioToolbox.framework; path = System/Library/Frameworks/AudioToolbox.framework; sourceTree = SDKROOT; };
		D90236A30CF946F4BD2797C2 /* AddressBookUI.framework */ = {isa = PBXFileReference; explicitFileType = undefined; fileEncoding = 9; includeInIndex = 0; lastKnownFileType = wrapper.framework; name = AddressBookUI.framework; path = System/Library/Frameworks/AddressBookUI.framework; sourceTree = SDKROOT; };
		DFC35C047DA54C7DB6C35034 /* CDVLogger.h */ = {isa = PBXFileReference; explicitFileType = undefined; fileEncoding = 4; includeInIndex = 0; lastKnownFileType = sourcecode.c.h; name = CDVLogger.h; path = "cordova-plugin-console/CDVLogger.h"; sourceTree = "<group>"; };
		E0A602B3C4514E76A3DCCA3B /* CDVCamera.m */ = {isa = PBXFileReference; explicitFileType = undefined; fileEncoding = 4; includeInIndex = 0; lastKnownFileType = sourcecode.c.objc; name = CDVCamera.m; path = "cordova-plugin-camera/CDVCamera.m"; sourceTree = "<group>"; };
		E28E52AE6E9E4AB1AACA96A2 /* CDVVibration.m */ = {isa = PBXFileReference; explicitFileType = undefined; fileEncoding = 4; includeInIndex = 0; lastKnownFileType = sourcecode.c.objc; name = CDVVibration.m; path = "cordova-plugin-vibration/CDVVibration.m"; sourceTree = "<group>"; };
		E74A9FEE4C164004B50F4650 /* CDVCapture.bundle */ = {isa = PBXFileReference; explicitFileType = undefined; fileEncoding = 9; includeInIndex = 0; lastKnownFileType = "wrapper.plug-in"; path = CDVCapture.bundle; sourceTree = "<group>"; };
		EB87FDF31871DA8E0020F90C /* www */ = {isa = PBXFileReference; lastKnownFileType = folder; name = www; path = ../../www; sourceTree = "<group>"; };
		EB87FDF41871DAF40020F90C /* config.xml */ = {isa = PBXFileReference; lastKnownFileType = text.xml; name = config.xml; path = ../../config.xml; sourceTree = "<group>"; };
		ECB4B6D164A54E16BFB1889A /* libGIP_Reachability.a */ = {isa = PBXFileReference; explicitFileType = undefined; fileEncoding = 9; includeInIndex = 0; lastKnownFileType = archive.ar; name = libGIP_Reachability.a; path = "Mercury/Plugins/phonegap-plugin-push/GCM/Libraries/libGIP_Reachability.a"; sourceTree = "<group>"; };
		ED33DF2A687741AEAF9F8254 /* Bridging-Header.h */ = {isa = PBXFileReference; fileEncoding = 4; lastKnownFileType = sourcecode.c.h; path = "Bridging-Header.h"; sourceTree = "<group>"; };
		F082F419148C4489B23114A4 /* libGTM_DebugUtils.a */ = {isa = PBXFileReference; explicitFileType = undefined; fileEncoding = 9; includeInIndex = 0; lastKnownFileType = archive.ar; name = libGTM_DebugUtils.a; path = "Mercury/Plugins/phonegap-plugin-push/GCM/Libraries/libGTM_DebugUtils.a"; sourceTree = "<group>"; };
		F36C7AA122014BD7ACCA52FF /* libz.tbd */ = {isa = PBXFileReference; explicitFileType = undefined; fileEncoding = 9; includeInIndex = 0; lastKnownFileType = unknown; path = libz.tbd; sourceTree = "<group>"; };
		F43BC5C4091A4CACBC1C0955 /* GoogleCloudMessaging.h */ = {isa = PBXFileReference; explicitFileType = undefined; fileEncoding = 4; includeInIndex = 0; lastKnownFileType = sourcecode.c.h; name = GoogleCloudMessaging.h; path = "phonegap-plugin-push/GCM/Headers/GoogleCloudMessaging.h"; sourceTree = "<group>"; };
		F4A91C1353B940F595E7C39B /* CDVLocalFilesystem.h */ = {isa = PBXFileReference; explicitFileType = undefined; fileEncoding = 4; includeInIndex = 0; lastKnownFileType = sourcecode.c.h; name = CDVLocalFilesystem.h; path = "cordova-plugin-file/CDVLocalFilesystem.h"; sourceTree = "<group>"; };
		F5B12AE41A93470B90B3A94D /* GCMService.h */ = {isa = PBXFileReference; explicitFileType = undefined; fileEncoding = 4; includeInIndex = 0; lastKnownFileType = sourcecode.c.h; name = GCMService.h; path = "phonegap-plugin-push/GCM/Headers/GCMService.h"; sourceTree = "<group>"; };
		F694E29A30BC43B49812CC3E /* ImageIO.framework */ = {isa = PBXFileReference; explicitFileType = undefined; fileEncoding = 9; includeInIndex = 0; lastKnownFileType = wrapper.framework; name = ImageIO.framework; path = System/Library/Frameworks/ImageIO.framework; sourceTree = SDKROOT; };
		F840E1F0165FE0F500CFE078 /* config.xml */ = {isa = PBXFileReference; lastKnownFileType = text.xml; name = config.xml; path = Mercury/config.xml; sourceTree = "<group>"; };
		FA2BB1C5FB394D0D856C2E4E /* CDVBarcodeScanner.bundle */ = {isa = PBXFileReference; explicitFileType = undefined; fileEncoding = 9; includeInIndex = 0; lastKnownFileType = "wrapper.plug-in"; path = CDVBarcodeScanner.bundle; sourceTree = "<group>"; };
		FB1044F77E00431793704F02 /* GGLConfiguration.h */ = {isa = PBXFileReference; explicitFileType = undefined; fileEncoding = 4; includeInIndex = 0; lastKnownFileType = sourcecode.c.h; name = GGLConfiguration.h; path = "phonegap-plugin-push/GCM/Headers/GGLConfiguration.h"; sourceTree = "<group>"; };
		FC26279E7E5F45F18EB6452B /* CDVLogger.m */ = {isa = PBXFileReference; explicitFileType = undefined; fileEncoding = 4; includeInIndex = 0; lastKnownFileType = sourcecode.c.objc; name = CDVLogger.m; path = "cordova-plugin-console/CDVLogger.m"; sourceTree = "<group>"; };
		FE796CFD76604711AF40DACF /* libProtocolBuffers.a */ = {isa = PBXFileReference; explicitFileType = undefined; fileEncoding = 9; includeInIndex = 0; lastKnownFileType = archive.ar; name = libProtocolBuffers.a; path = "Mercury/Plugins/phonegap-plugin-push/GCM/Libraries/libProtocolBuffers.a"; sourceTree = "<group>"; };
/* End PBXFileReference section */

/* Begin PBXFrameworksBuildPhase section */
		1D60588F0D05DD3D006BFB54 /* Frameworks */ = {
			isa = PBXFrameworksBuildPhase;
			buildActionMask = 2147483647;
			files = (
				301BF552109A68D80062928A /* libCordova.a in Frameworks */,
				6DC6488E678B46FFAEB0D828 /* ImageIO.framework in Frameworks */,
				371ABC7F9C4C415AA65CB5B6 /* CoreLocation.framework in Frameworks */,
				1AB1035C4D75479D91500866 /* AVFoundation.framework in Frameworks */,
				23E8CF4081AE400BB528C7C8 /* AddressBook.framework in Frameworks */,
				E7B6A127F25B4B13AFC6FC16 /* AddressBookUI.framework in Frameworks */,
				E1540D87E1CC4E818F676FF0 /* CoreMotion.framework in Frameworks */,
				E9AE1372D2374E039D945BD8 /* AudioToolbox.framework in Frameworks */,
				7D88A694D1C24CC7899696D1 /* SystemConfiguration.framework in Frameworks */,
				5EC27436F5634AFB813D908F /* CoreTelephony.framework in Frameworks */,
				00E07C77B0A44D1DBCAA6657 /* libiconv.dylib in Frameworks */,
				6CE81A8CF8A84F7790B9A513 /* CoreVideo.framework in Frameworks */,
				DEDA7EDE208F41CA8EB071AD /* QuartzCore.framework in Frameworks */,
				5E1E4D2FD38B4C14A4C9179E /* CoreImage.framework in Frameworks */,
				802BE47E4CD74A8ABD479DB3 /* libGGLCloudMessaging.a in Frameworks */,
				226A2477A05C45789CEDFCF9 /* libGGLCore.a in Frameworks */,
				365FCB52A77A4C6F8544C69E /* libGGLInstanceIDLib.a in Frameworks */,
				DE829655138D45DDA4498BE3 /* libGIP_Reachability.a in Frameworks */,
				70E6A73FAE9D4874818A9E5B /* libGSDK_Overload.a in Frameworks */,
				A0E85C27AA9F48A681A1DA0C /* libGTMSessionFetcher_core.a in Frameworks */,
				20A61BF362AB4209995921D8 /* libGTMSessionFetcher_full.a in Frameworks */,
				3187F0F2A77A41C7B88D7E18 /* libGTMStackTrace.a in Frameworks */,
				7755A128F15B431B8DA7E5FE /* libGTM_AddressBook.a in Frameworks */,
				51A4BFF46CB94620AB7C0E60 /* libGTM_DebugUtils.a in Frameworks */,
				FA66DF1A58CB4FE781CFD495 /* libGTM_GTMURLBuilder.a in Frameworks */,
				1C42EF9632464F60A950D403 /* libGTM_KVO.a in Frameworks */,
				19F983D640E143F9AA0DF221 /* libGTM_NSData+zlib.a in Frameworks */,
				A3F3EB4C44DD4AF5AD512F4A /* libGTM_NSDictionary+URLArguments.a in Frameworks */,
				4ACA7E056B4548C089295C0E /* libGTM_NSScannerJSON.a in Frameworks */,
				D7DE32A5D0FC49118182F6CD /* libGTM_NSStringHTML.a in Frameworks */,
				5DF56A7C7EA745A2BEA9F1A5 /* libGTM_NSStringXML.a in Frameworks */,
				7E65F8641A3A4EA884279CB2 /* libGTM_Regex.a in Frameworks */,
				DB178C5A6581480A83DF0795 /* libGTM_RoundedRectPath.a in Frameworks */,
				E16D4DF72A8B4888B467E02C /* libGTM_StringEncoding.a in Frameworks */,
				2A9356BC583A47C9AF5449D3 /* libGTM_SystemVersion.a in Frameworks */,
				32BA84723CB74097AA74ACEB /* libGTM_UIFont+LineHeight.a in Frameworks */,
				EEB99A441DE84CF6B32AD589 /* libGTM_core.a in Frameworks */,
				11E844716398447F85164B22 /* libGTM_iPhone.a in Frameworks */,
				DDCD6AF348E745BCB608E23A /* libGcmLib.a in Frameworks */,
				399A808913A44BE495148465 /* libProtocolBuffers.a in Frameworks */,
				662F1D98DE79471485415C4D /* libsqlite3.tbd in Frameworks */,
				6AFB4EC319AE479FB538F1F9 /* libz.tbd in Frameworks */,
			);
			runOnlyForDeploymentPostprocessing = 0;
		};
/* End PBXFrameworksBuildPhase section */

/* Begin PBXGroup section */
		080E96DDFE201D6D7F000001 /* Classes */ = {
			isa = PBXGroup;
			children = (
				302D95EE14D2391D003F00A1 /* MainViewController.h */,
				302D95EF14D2391D003F00A1 /* MainViewController.m */,
				302D95F014D2391D003F00A1 /* MainViewController.xib */,
				1D3623240D0F684500981E51 /* AppDelegate.h */,
				1D3623250D0F684500981E51 /* AppDelegate.m */,
			);
			name = Classes;
			path = Mercury/Classes;
			sourceTree = SOURCE_ROOT;
		};
		19C28FACFE9D520D11CA2CBB /* Products */ = {
			isa = PBXGroup;
			children = (
				1D6058910D05DD3D006BFB54 /* Mercury.app */,
			);
			name = Products;
			sourceTree = "<group>";
		};
		29B97314FDCFA39411CA2CEA /* CustomTemplate */ = {
			isa = PBXGroup;
			children = (
				EB87FDF41871DAF40020F90C /* config.xml */,
				EB87FDF31871DA8E0020F90C /* www */,
				EB87FDF11871DA420020F90C /* Staging */,
				301BF52D109A57CC0062928A /* CordovaLib.xcodeproj */,
				080E96DDFE201D6D7F000001 /* Classes */,
				307C750510C5A3420062BCA9 /* Plugins */,
				29B97315FDCFA39411CA2CEA /* Other Sources */,
				29B97317FDCFA39411CA2CEA /* Resources */,
				29B97323FDCFA39411CA2CEA /* Frameworks */,
				19C28FACFE9D520D11CA2CBB /* Products */,
			);
			name = CustomTemplate;
			sourceTree = "<group>";
		};
		29B97315FDCFA39411CA2CEA /* Other Sources */ = {
			isa = PBXGroup;
			children = (
				32CA4F630368D1EE00C91783 /* Mercury-Prefix.pch */,
				29B97316FDCFA39411CA2CEA /* main.m */,
				ED33DF2A687741AEAF9F8254 /* Bridging-Header.h */,
			);
			name = "Other Sources";
			path = Mercury;
			sourceTree = "<group>";
		};
		29B97317FDCFA39411CA2CEA /* Resources */ = {
			isa = PBXGroup;
			children = (
				0207DA571B56EA530066E2B4 /* Images.xcassets */,
				3047A50E1AB8057F00498E2A /* config */,
				8D1107310486CEB800E47090 /* Mercury-Info.plist */,
				2FEF23BF6C3F486497A184CD /* CDVNotification.bundle */,
				E74A9FEE4C164004B50F4650 /* CDVCapture.bundle */,
				9DEAA4AB277F441AB9BDA4B2 /* scannerOverlay.xib */,
				FA2BB1C5FB394D0D856C2E4E /* CDVBarcodeScanner.bundle */,
			);
			name = Resources;
			path = Mercury/Resources;
			sourceTree = "<group>";
		};
		29B97323FDCFA39411CA2CEA /* Frameworks */ = {
			isa = PBXGroup;
			children = (
				F694E29A30BC43B49812CC3E /* ImageIO.framework */,
				D6A7304AB64B4994930DB8B6 /* CoreLocation.framework */,
				AF79BCDF7805498387DA1EA9 /* AVFoundation.framework */,
				1114F9F306654F639BFD7E2A /* AddressBook.framework */,
				D90236A30CF946F4BD2797C2 /* AddressBookUI.framework */,
				0B6CBE4EBBF34F3DBFE9EB2F /* CoreMotion.framework */,
				D839B68452764170B040EE98 /* AudioToolbox.framework */,
				0207F48FEE764B888CB2A8A7 /* SystemConfiguration.framework */,
				64C17B55D0AD4FD2884FE12E /* CoreTelephony.framework */,
				C3442C9C38784B4488BC754F /* libiconv.dylib */,
				B6E43D4775A0441696AC1124 /* CoreVideo.framework */,
				0C2117A452884E809D8F0909 /* QuartzCore.framework */,
				8704441E98F34C50B787C291 /* CoreImage.framework */,
				07410030CFEA47CCAD8965B7 /* libGGLCloudMessaging.a */,
				74309A47F75246978B2E229D /* libGGLCore.a */,
				02A1A6155AE3428AA7D7EAD1 /* libGGLInstanceIDLib.a */,
				ECB4B6D164A54E16BFB1889A /* libGIP_Reachability.a */,
				C1409F805ED545D28F56DE59 /* libGSDK_Overload.a */,
				68F40D91AF2A463CABFDF1E5 /* libGTMSessionFetcher_core.a */,
				552A5EF29C0D45C5AD117789 /* libGTMSessionFetcher_full.a */,
				383DBD30A0DC40958337622F /* libGTMStackTrace.a */,
				6C6BC3AA747642DEBEEC4B15 /* libGTM_AddressBook.a */,
				F082F419148C4489B23114A4 /* libGTM_DebugUtils.a */,
				8CB7F4458F4E4C1B84EAC5ED /* libGTM_GTMURLBuilder.a */,
				5D856AED5F2B4670AFFBD790 /* libGTM_KVO.a */,
				4B0FA5122DE44493B8D00B91 /* libGTM_NSData+zlib.a */,
				1B7FFDE025DD4BC7B61F2BAE /* libGTM_NSDictionary+URLArguments.a */,
				5B5B901833A949B0829E06C2 /* libGTM_NSScannerJSON.a */,
				460E3165CDE0486A9C7AA85A /* libGTM_NSStringHTML.a */,
				20A3BA4CC4E449FD91249CEF /* libGTM_NSStringXML.a */,
				21D2ED6040294239B994B934 /* libGTM_Regex.a */,
				5D735AD53D0D43E3A9BB145E /* libGTM_RoundedRectPath.a */,
				AE84881B4797422882690AEF /* libGTM_StringEncoding.a */,
				B333A76BE3F947EFA0EABE92 /* libGTM_SystemVersion.a */,
				971098E3D47F4A05B2E82A59 /* libGTM_UIFont+LineHeight.a */,
				728442D1FB5A4C25BB482523 /* libGTM_core.a */,
				90E32A78360C4347B7E2859E /* libGTM_iPhone.a */,
				19DD2204806E4263A9AC70B8 /* libGcmLib.a */,
				FE796CFD76604711AF40DACF /* libProtocolBuffers.a */,
				268FED2E02FF4B41ACB084F7 /* libsqlite3.tbd */,
				F36C7AA122014BD7ACCA52FF /* libz.tbd */,
			);
			name = Frameworks;
			sourceTree = "<group>";
		};
		301BF52E109A57CC0062928A /* Products */ = {
			isa = PBXGroup;
			children = (
				301BF535109A57CC0062928A /* libCordova.a */,
			);
			name = Products;
			sourceTree = "<group>";
		};
		3047A50E1AB8057F00498E2A /* config */ = {
			isa = PBXGroup;
			children = (
				3047A50F1AB8059700498E2A /* build-debug.xcconfig */,
				3047A5101AB8059700498E2A /* build-release.xcconfig */,
				3047A5111AB8059700498E2A /* build.xcconfig */,
			);
			name = config;
			sourceTree = "<group>";
		};
		307C750510C5A3420062BCA9 /* Plugins */ = {
			isa = PBXGroup;
			children = (
				87A7664828FC4054B50D3441 /* CDVBattery.m */,
				A95627DDE6594F94AF3E3AE3 /* CDVBattery.h */,
				60456879A48D46CB9B1AF675 /* UIImage+CropScaleOrientation.m */,
				E0A602B3C4514E76A3DCCA3B /* CDVCamera.m */,
				3284466EBC134CF9BF7351D6 /* CDVJpegHeaderWriter.m */,
				1149DE2799CD4FADAE5FC007 /* UIImage+CropScaleOrientation.h */,
				13643FF8CD304C429C34DEE8 /* CDVCamera.h */,
				5A3E5C591CAA49BE8D640365 /* CDVJpegHeaderWriter.h */,
				592D7073FF4C4A54B5DB6309 /* CDVExif.h */,
				FC26279E7E5F45F18EB6452B /* CDVLogger.m */,
				DFC35C047DA54C7DB6C35034 /* CDVLogger.h */,
				12801F0D5F704D9D939DE734 /* CDVContacts.m */,
				371C850CCBA1450786FD9DEC /* CDVContact.m */,
				21B47213C8F1465695F82BB1 /* CDVContacts.h */,
				A8F52E22530B42C0A6EEF712 /* CDVContact.h */,
				4BC225A999774BCC89B516EA /* CDVDevice.m */,
				64E92941385648EAB800ED85 /* CDVDevice.h */,
				914DF6D66F9142AB9FEB47CE /* CDVAccelerometer.m */,
				35C0E95909D64E24A634D371 /* CDVAccelerometer.h */,
				5BF387F9D0A84471B2DA78F8 /* CDVCompass.m */,
				3A7D94C585BA42A4B345841E /* CDVCompass.h */,
				B0F9BE4A6EC44F87A8E484AE /* CDVNotification.m */,
				759E2A311BEE4B24AF0BF0D7 /* CDVNotification.h */,
				30CC9D641B674E0EB15C1851 /* CDVFile.m */,
				25F6345419104FCC9050F9E7 /* CDVLocalFilesystem.m */,
				C3CBF1AC2A514D5696F50928 /* CDVAssetLibraryFilesystem.m */,
				0F842B5DDDA340B58B29ED49 /* CDVFile.h */,
				F4A91C1353B940F595E7C39B /* CDVLocalFilesystem.h */,
				659BA7EDC0C942CC8D193599 /* CDVAssetLibraryFilesystem.h */,
				125217802E7F4A019764AB7A /* CDVFileTransfer.m */,
				519CB9AE06B249B199CE124D /* CDVFileTransfer.h */,
				61CBFFB370ED4CF09F1547DA /* CDVLocation.m */,
				13A86C9321174579809766CB /* CDVLocation.h */,
				A325BA31CB7146AD98922EAB /* CDVGlobalization.m */,
				93945F9878EA4D478A8475B1 /* CDVGlobalization.h */,
				B594B2839B514D07ACF1F02B /* CDVInAppBrowser.m */,
				965B4909D7AE4E9F8E265882 /* CDVInAppBrowser.h */,
				531E57AA29FD497B81A6AC0E /* CDVSound.m */,
				114EC72834C844A6BBAB605B /* CDVSound.h */,
				5DB4F797E752455F8E1FB0E4 /* CDVCapture.m */,
				0B17560669B84E608826F440 /* CDVCapture.h */,
				657A1611B02F4C6C9D1569DA /* CDVConnection.m */,
				7A1DCD5445B14B9FA6D25FE1 /* CDVReachability.m */,
				A2C6D35FC6AA468581E29DFC /* CDVConnection.h */,
				C079D94B4B5746B89CA91391 /* CDVReachability.h */,
				84571062420F44639E5BBA5A /* CDVSplashScreen.m */,
				486CD10A80044C979C4FDAEC /* CDVViewController+SplashScreen.m */,
				7AA78BCF08594BE3AE925767 /* CDVSplashScreen.h */,
				4C1D71A7E519489AA38646AA /* CDVViewController+SplashScreen.h */,
				7504F5E00B8844CBB2297D4B /* CDVStatusBar.m */,
				896577B578A44CF8BB46C7C8 /* CDVStatusBar.h */,
				E28E52AE6E9E4AB1AACA96A2 /* CDVVibration.m */,
				9FC06D75A2514457A411817D /* CDVVibration.h */,
				0ADBCD19428043939F0F9172 /* CDVBarcodeScanner.mm */,
				A0091C46715E47D99A044DFE /* zxing-all-in-one.cpp */,
				CE9476C4CB694247822188D5 /* zxing-all-in-one.h */,
				66644FC7B39F496883C53272 /* AppDelegate+notification.m */,
				B36EA311A02348F8B7A76C4A /* PushPlugin.m */,
				A8FA1961FFC5440CA79E2388 /* AppDelegate+notification.h */,
				648285B0CB9749A3A6AFD969 /* PushPlugin.h */,
				20497DB1656F47DEBD8596D1 /* GGLInstanceID.h */,
				B5E0583058A94D1C9D98F94C /* GGLInstanceIDConfig.h */,
				36D10E9A5C7C4706801A8C2A /* GGLInstanceIDDelegate.h */,
				1D347E4B86B14E2CA715038F /* GGLInstanceIDHeaders.h */,
				5768ABC6FC4E452793BE77AD /* CloudMessaging.h */,
				7E9A053486AF47929009136B /* GGLContext+CloudMessaging.h */,
				CAA42E3037434D30AAD54446 /* Core.h */,
				FB1044F77E00431793704F02 /* GGLConfiguration.h */,
				B202A7B698F341E98850940A /* GGLContext.h */,
				C057DE233F884F298E956D33 /* GGLErrorCode.h */,
				35FC2302C38C4D98A6DDAE6A /* GCMConfig.h */,
				0981590D3A8D499CAB647362 /* GCMPubSub.h */,
				CDF890C53FD4404E8B7CF7CD /* GCMReceiverDelegate.h */,
				F5B12AE41A93470B90B3A94D /* GCMService.h */,
				F43BC5C4091A4CACBC1C0955 /* GoogleCloudMessaging.h */,
			);
			name = Plugins;
			path = Mercury/Plugins;
			sourceTree = SOURCE_ROOT;
		};
		EB87FDF11871DA420020F90C /* Staging */ = {
			isa = PBXGroup;
			children = (
				F840E1F0165FE0F500CFE078 /* config.xml */,
				301BF56E109A69640062928A /* www */,
			);
			name = Staging;
			sourceTree = "<group>";
		};
/* End PBXGroup section */

/* Begin PBXNativeTarget section */
		1D6058900D05DD3D006BFB54 /* Mercury */ = {
			isa = PBXNativeTarget;
			buildConfigurationList = 1D6058960D05DD3E006BFB54 /* Build configuration list for PBXNativeTarget "Mercury" */;
			buildPhases = (
				304B58A110DAC018002A0835 /* Copy www directory */,
				1D60588D0D05DD3D006BFB54 /* Resources */,
				1D60588E0D05DD3D006BFB54 /* Sources */,
				1D60588F0D05DD3D006BFB54 /* Frameworks */,
			);
			buildRules = (
			);
			dependencies = (
				301BF551109A68C00062928A /* PBXTargetDependency */,
			);
			name = Mercury;
			productName = Mercury;
			productReference = 1D6058910D05DD3D006BFB54 /* Mercury.app */;
			productType = "com.apple.product-type.application";
		};
/* End PBXNativeTarget section */

/* Begin PBXProject section */
		29B97313FDCFA39411CA2CEA /* Project object */ = {
			isa = PBXProject;
			attributes = {
				LastUpgradeCheck = 730;
			};
			buildConfigurationList = C01FCF4E08A954540054247B /* Build configuration list for PBXProject "Mercury" */;
			compatibilityVersion = "Xcode 6.3";
			developmentRegion = English;
			hasScannedForEncodings = 1;
			knownRegions = (
				en,
			);
			mainGroup = 29B97314FDCFA39411CA2CEA /* CustomTemplate */;
			projectDirPath = "";
			projectReferences = (
				{
					ProductGroup = 301BF52E109A57CC0062928A /* Products */;
					ProjectRef = 301BF52D109A57CC0062928A /* CordovaLib.xcodeproj */;
				},
			);
			projectRoot = "";
			targets = (
				1D6058900D05DD3D006BFB54 /* Mercury */,
			);
		};
/* End PBXProject section */

/* Begin PBXReferenceProxy section */
		301BF535109A57CC0062928A /* libCordova.a */ = {
			isa = PBXReferenceProxy;
			fileType = archive.ar;
			path = libCordova.a;
			remoteRef = 301BF534109A57CC0062928A /* PBXContainerItemProxy */;
			sourceTree = BUILT_PRODUCTS_DIR;
		};
/* End PBXReferenceProxy section */

/* Begin PBXResourcesBuildPhase section */
		1D60588D0D05DD3D006BFB54 /* Resources */ = {
			isa = PBXResourcesBuildPhase;
			buildActionMask = 2147483647;
			files = (
				302D95F214D2391D003F00A1 /* MainViewController.xib in Resources */,
				0207DA581B56EA530066E2B4 /* Images.xcassets in Resources */,
				5505FA7A398148C3AF1C9AB5 /* CDVNotification.bundle in Resources */,
				59FDF83AE23F4EA09FBA4A11 /* CDVCapture.bundle in Resources */,
				802483D498C9492EB71482C3 /* scannerOverlay.xib in Resources */,
				FA530AC4438E409EB3D05126 /* CDVBarcodeScanner.bundle in Resources */,
			);
			runOnlyForDeploymentPostprocessing = 0;
		};
/* End PBXResourcesBuildPhase section */

/* Begin PBXShellScriptBuildPhase section */
		304B58A110DAC018002A0835 /* Copy www directory */ = {
			isa = PBXShellScriptBuildPhase;
			buildActionMask = 2147483647;
			files = (
			);
			inputPaths = (
			);
			name = "Copy www directory";
			outputPaths = (
			);
			runOnlyForDeploymentPostprocessing = 0;
			shellPath = /bin/sh;
			shellScript = "NODEJS_PATH=/usr/local/bin; NVM_NODE_PATH=~/.nvm/versions/node/`nvm version 2>/dev/null`/bin; N_NODE_PATH=`find /usr/local/n/versions/node/* -maxdepth 0 -type d 2>/dev/null | tail -1`/bin; XCODE_NODE_PATH=`xcode-select --print-path`/usr/share/xcs/Node/bin; PATH=$NODEJS_PATH:$NVM_NODE_PATH:$N_NODE_PATH:$XCODE_NODE_PATH:$PATH && node cordova/lib/copy-www-build-step.js";
			showEnvVarsInLog = 0;
		};
/* End PBXShellScriptBuildPhase section */

/* Begin PBXSourcesBuildPhase section */
		1D60588E0D05DD3D006BFB54 /* Sources */ = {
			isa = PBXSourcesBuildPhase;
			buildActionMask = 2147483647;
			files = (
				1D60589B0D05DD56006BFB54 /* main.m in Sources */,
				1D3623260D0F684500981E51 /* AppDelegate.m in Sources */,
				302D95F114D2391D003F00A1 /* MainViewController.m in Sources */,
				479EDA9780C6492F949AC121 /* CDVBattery.m in Sources */,
				9DEE2C91D5444AB2B5DDDC09 /* UIImage+CropScaleOrientation.m in Sources */,
				C95D9FC3CA834153818E7FB3 /* CDVCamera.m in Sources */,
				BC57B51A4A884F8D896FF5BE /* CDVJpegHeaderWriter.m in Sources */,
				D34BFBC1A0B94095BCD6CE28 /* CDVLogger.m in Sources */,
				FF49A317068B44BD81282EA3 /* CDVContacts.m in Sources */,
				9454428DDA7E4D3AAB0E4A3B /* CDVContact.m in Sources */,
				760491DF58234A648DAB0783 /* CDVDevice.m in Sources */,
				28C7AC413FED4DA7B6FB1E79 /* CDVAccelerometer.m in Sources */,
				5E653A1A00F5432EA3E80169 /* CDVCompass.m in Sources */,
				5D73C615144743B5A5CCC328 /* CDVNotification.m in Sources */,
				6F48D232CEB345159D59C614 /* CDVFile.m in Sources */,
				FE488BEE08B148D4956AC780 /* CDVLocalFilesystem.m in Sources */,
				6AF540020EAC453AB8038D04 /* CDVAssetLibraryFilesystem.m in Sources */,
				4EC1F14297AC492DBD1B5C01 /* CDVFileTransfer.m in Sources */,
				6199F743DD7C4BE5B24266BC /* CDVLocation.m in Sources */,
				3006C849709A4AD899939D56 /* CDVGlobalization.m in Sources */,
				A4C73AA953004B2FB7EF229A /* CDVInAppBrowser.m in Sources */,
				8DF20398BE29445BB32A3F24 /* CDVSound.m in Sources */,
				47EEC80A3EC04A48B2C09E9E /* CDVCapture.m in Sources */,
				A3B4B43BE7434EF18C638510 /* CDVConnection.m in Sources */,
				59B63728968B449F943A5718 /* CDVReachability.m in Sources */,
				9243B895D9274EBE9F05D7F9 /* CDVSplashScreen.m in Sources */,
				A4C61EB709D641A5B6356230 /* CDVViewController+SplashScreen.m in Sources */,
				1E7BE72303904E9C92EBFF19 /* CDVStatusBar.m in Sources */,
				70134C3C45FC4092A3DE3FFD /* CDVVibration.m in Sources */,
				C4C37B2115434A7888BCE10A /* CDVBarcodeScanner.mm in Sources */,
				F1CDFD7BF9C644888E47B5F3 /* zxing-all-in-one.cpp in Sources */,
				C69F00B703C04755A02B1E35 /* AppDelegate+notification.m in Sources */,
				AF53B272CDC743A488102A98 /* PushPlugin.m in Sources */,
			);
			runOnlyForDeploymentPostprocessing = 0;
		};
/* End PBXSourcesBuildPhase section */

/* Begin PBXTargetDependency section */
		301BF551109A68C00062928A /* PBXTargetDependency */ = {
			isa = PBXTargetDependency;
			name = CordovaLib;
			targetProxy = 301BF550109A68C00062928A /* PBXContainerItemProxy */;
		};
/* End PBXTargetDependency section */

/* Begin XCBuildConfiguration section */
		1D6058940D05DD3E006BFB54 /* Debug */ = {
			isa = XCBuildConfiguration;
			baseConfigurationReference = 3047A50F1AB8059700498E2A /* build-debug.xcconfig */;
			buildSettings = {
				ALWAYS_SEARCH_USER_PATHS = NO;
				ASSETCATALOG_COMPILER_APPICON_NAME = AppIcon;
				ASSETCATALOG_COMPILER_LAUNCHIMAGE_NAME = LaunchImage;
				CLANG_ENABLE_MODULES = YES;
				CLANG_ENABLE_OBJC_ARC = YES;
				COPY_PHASE_STRIP = NO;
				GCC_DYNAMIC_NO_PIC = NO;
				GCC_OPTIMIZATION_LEVEL = 0;
				GCC_PRECOMPILE_PREFIX_HEADER = YES;
				GCC_PREFIX_HEADER = "Mercury/Mercury-Prefix.pch";
				GCC_THUMB_SUPPORT = NO;
				GCC_VERSION = "";
				INFOPLIST_FILE = "Mercury/Mercury-Info.plist";
				IPHONEOS_DEPLOYMENT_TARGET = 7.0;
				LD_RUNPATH_SEARCH_PATHS = "@executable_path/Frameworks";
				LIBRARY_SEARCH_PATHS = (
					"$(inherited)",
					"\"$(SRCROOT)/Mercury/Plugins/phonegap-plugin-push/GCM/Libraries\"",
					"\"$(SRCROOT)/Mercury/Plugins/phonegap-plugin-push/GCM/Libraries\"",
					"\"$(SRCROOT)/Mercury/Plugins/phonegap-plugin-push/GCM/Libraries\"",
					"\"$(SRCROOT)/Mercury/Plugins/phonegap-plugin-push/GCM/Libraries\"",
					"\"$(SRCROOT)/Mercury/Plugins/phonegap-plugin-push/GCM/Libraries\"",
					"\"$(SRCROOT)/Mercury/Plugins/phonegap-plugin-push/GCM/Libraries\"",
					"\"$(SRCROOT)/Mercury/Plugins/phonegap-plugin-push/GCM/Libraries\"",
					"\"$(SRCROOT)/Mercury/Plugins/phonegap-plugin-push/GCM/Libraries\"",
					"\"$(SRCROOT)/Mercury/Plugins/phonegap-plugin-push/GCM/Libraries\"",
					"\"$(SRCROOT)/Mercury/Plugins/phonegap-plugin-push/GCM/Libraries\"",
					"\"$(SRCROOT)/Mercury/Plugins/phonegap-plugin-push/GCM/Libraries\"",
					"\"$(SRCROOT)/Mercury/Plugins/phonegap-plugin-push/GCM/Libraries\"",
					"\"$(SRCROOT)/Mercury/Plugins/phonegap-plugin-push/GCM/Libraries\"",
					"\"$(SRCROOT)/Mercury/Plugins/phonegap-plugin-push/GCM/Libraries\"",
					"\"$(SRCROOT)/Mercury/Plugins/phonegap-plugin-push/GCM/Libraries\"",
					"\"$(SRCROOT)/Mercury/Plugins/phonegap-plugin-push/GCM/Libraries\"",
					"\"$(SRCROOT)/Mercury/Plugins/phonegap-plugin-push/GCM/Libraries\"",
					"\"$(SRCROOT)/Mercury/Plugins/phonegap-plugin-push/GCM/Libraries\"",
					"\"$(SRCROOT)/Mercury/Plugins/phonegap-plugin-push/GCM/Libraries\"",
					"\"$(SRCROOT)/Mercury/Plugins/phonegap-plugin-push/GCM/Libraries\"",
					"\"$(SRCROOT)/Mercury/Plugins/phonegap-plugin-push/GCM/Libraries\"",
					"\"$(SRCROOT)/Mercury/Plugins/phonegap-plugin-push/GCM/Libraries\"",
					"\"$(SRCROOT)/Mercury/Plugins/phonegap-plugin-push/GCM/Libraries\"",
					"\"$(SRCROOT)/Mercury/Plugins/phonegap-plugin-push/GCM/Libraries\"",
					"\"$(SRCROOT)/Mercury/Plugins/phonegap-plugin-push/GCM/Libraries\"",
					"\"$(SRCROOT)/Mercury/Plugins/phonegap-plugin-push/GCM/Libraries\"",
				);
				PRODUCT_BUNDLE_IDENTIFIER = com.miglioretechnologies.apps.mercury;
				PRODUCT_NAME = Mercury;
				TARGETED_DEVICE_FAMILY = "1";
			};
			name = Debug;
		};
		1D6058950D05DD3E006BFB54 /* Release */ = {
			isa = XCBuildConfiguration;
			baseConfigurationReference = 3047A5101AB8059700498E2A /* build-release.xcconfig */;
			buildSettings = {
				ALWAYS_SEARCH_USER_PATHS = NO;
				ASSETCATALOG_COMPILER_APPICON_NAME = AppIcon;
				ASSETCATALOG_COMPILER_LAUNCHIMAGE_NAME = LaunchImage;
				CLANG_ENABLE_MODULES = YES;
				CLANG_ENABLE_OBJC_ARC = YES;
				COPY_PHASE_STRIP = YES;
				GCC_PRECOMPILE_PREFIX_HEADER = YES;
				GCC_PREFIX_HEADER = "Mercury/Mercury-Prefix.pch";
				GCC_THUMB_SUPPORT = NO;
				GCC_VERSION = "";
				INFOPLIST_FILE = "Mercury/Mercury-Info.plist";
				IPHONEOS_DEPLOYMENT_TARGET = 7.0;
				LIBRARY_SEARCH_PATHS = (
					"$(inherited)",
					"\"$(SRCROOT)/Mercury/Plugins/phonegap-plugin-push/GCM/Libraries\"",
					"\"$(SRCROOT)/Mercury/Plugins/phonegap-plugin-push/GCM/Libraries\"",
					"\"$(SRCROOT)/Mercury/Plugins/phonegap-plugin-push/GCM/Libraries\"",
					"\"$(SRCROOT)/Mercury/Plugins/phonegap-plugin-push/GCM/Libraries\"",
					"\"$(SRCROOT)/Mercury/Plugins/phonegap-plugin-push/GCM/Libraries\"",
					"\"$(SRCROOT)/Mercury/Plugins/phonegap-plugin-push/GCM/Libraries\"",
					"\"$(SRCROOT)/Mercury/Plugins/phonegap-plugin-push/GCM/Libraries\"",
					"\"$(SRCROOT)/Mercury/Plugins/phonegap-plugin-push/GCM/Libraries\"",
					"\"$(SRCROOT)/Mercury/Plugins/phonegap-plugin-push/GCM/Libraries\"",
					"\"$(SRCROOT)/Mercury/Plugins/phonegap-plugin-push/GCM/Libraries\"",
					"\"$(SRCROOT)/Mercury/Plugins/phonegap-plugin-push/GCM/Libraries\"",
					"\"$(SRCROOT)/Mercury/Plugins/phonegap-plugin-push/GCM/Libraries\"",
					"\"$(SRCROOT)/Mercury/Plugins/phonegap-plugin-push/GCM/Libraries\"",
					"\"$(SRCROOT)/Mercury/Plugins/phonegap-plugin-push/GCM/Libraries\"",
					"\"$(SRCROOT)/Mercury/Plugins/phonegap-plugin-push/GCM/Libraries\"",
					"\"$(SRCROOT)/Mercury/Plugins/phonegap-plugin-push/GCM/Libraries\"",
					"\"$(SRCROOT)/Mercury/Plugins/phonegap-plugin-push/GCM/Libraries\"",
					"\"$(SRCROOT)/Mercury/Plugins/phonegap-plugin-push/GCM/Libraries\"",
					"\"$(SRCROOT)/Mercury/Plugins/phonegap-plugin-push/GCM/Libraries\"",
					"\"$(SRCROOT)/Mercury/Plugins/phonegap-plugin-push/GCM/Libraries\"",
					"\"$(SRCROOT)/Mercury/Plugins/phonegap-plugin-push/GCM/Libraries\"",
					"\"$(SRCROOT)/Mercury/Plugins/phonegap-plugin-push/GCM/Libraries\"",
					"\"$(SRCROOT)/Mercury/Plugins/phonegap-plugin-push/GCM/Libraries\"",
					"\"$(SRCROOT)/Mercury/Plugins/phonegap-plugin-push/GCM/Libraries\"",
					"\"$(SRCROOT)/Mercury/Plugins/phonegap-plugin-push/GCM/Libraries\"",
					"\"$(SRCROOT)/Mercury/Plugins/phonegap-plugin-push/GCM/Libraries\"",
				);
				PRODUCT_BUNDLE_IDENTIFIER = com.miglioretechnologies.apps.mercury;
				PRODUCT_NAME = Mercury;
				TARGETED_DEVICE_FAMILY = "1";
			};
			name = Release;
		};
		C01FCF4F08A954540054247B /* Debug */ = {
			isa = XCBuildConfiguration;
			baseConfigurationReference = 3047A5111AB8059700498E2A /* build.xcconfig */;
			buildSettings = {
				CLANG_ENABLE_MODULES = YES;
				CLANG_ENABLE_OBJC_ARC = YES;
				CLANG_WARN_BOOL_CONVERSION = YES;
				CLANG_WARN_CONSTANT_CONVERSION = YES;
				CLANG_WARN_EMPTY_BODY = YES;
				CLANG_WARN_ENUM_CONVERSION = YES;
				CLANG_WARN_INT_CONVERSION = YES;
				CLANG_WARN__DUPLICATE_METHOD_MATCH = YES;
				ENABLE_TESTABILITY = YES;
				GCC_C_LANGUAGE_STANDARD = c99;
				GCC_THUMB_SUPPORT = NO;
				GCC_VERSION = "";
				GCC_WARN_ABOUT_RETURN_TYPE = YES;
				GCC_WARN_UNDECLARED_SELECTOR = YES;
				GCC_WARN_UNINITIALIZED_AUTOS = YES;
				GCC_WARN_UNUSED_FUNCTION = YES;
				GCC_WARN_UNUSED_VARIABLE = YES;
				IPHONEOS_DEPLOYMENT_TARGET = 7.0;
				ONLY_ACTIVE_ARCH = YES;
				SDKROOT = iphoneos;
				SKIP_INSTALL = NO;
				TARGETED_DEVICE_FAMILY = "1";
			};
			name = Debug;
		};
		C01FCF5008A954540054247B /* Release */ = {
			isa = XCBuildConfiguration;
			baseConfigurationReference = 3047A5111AB8059700498E2A /* build.xcconfig */;
			buildSettings = {
				CLANG_ENABLE_MODULES = YES;
				CLANG_ENABLE_OBJC_ARC = YES;
				CLANG_WARN_BOOL_CONVERSION = YES;
				CLANG_WARN_CONSTANT_CONVERSION = YES;
				CLANG_WARN_EMPTY_BODY = YES;
				CLANG_WARN_ENUM_CONVERSION = YES;
				CLANG_WARN_INT_CONVERSION = YES;
				CLANG_WARN__DUPLICATE_METHOD_MATCH = YES;
				GCC_C_LANGUAGE_STANDARD = c99;
				GCC_THUMB_SUPPORT = NO;
				GCC_VERSION = "";
				GCC_WARN_ABOUT_RETURN_TYPE = YES;
				GCC_WARN_UNDECLARED_SELECTOR = YES;
				GCC_WARN_UNINITIALIZED_AUTOS = YES;
				GCC_WARN_UNUSED_FUNCTION = YES;
				GCC_WARN_UNUSED_VARIABLE = YES;
				IPHONEOS_DEPLOYMENT_TARGET = 7.0;
				SDKROOT = iphoneos;
				SKIP_INSTALL = NO;
				TARGETED_DEVICE_FAMILY = "1";
			};
			name = Release;
		};
/* End XCBuildConfiguration section */

/* Begin XCConfigurationList section */
		1D6058960D05DD3E006BFB54 /* Build configuration list for PBXNativeTarget "Mercury" */ = {
			isa = XCConfigurationList;
			buildConfigurations = (
				1D6058940D05DD3E006BFB54 /* Debug */,
				1D6058950D05DD3E006BFB54 /* Release */,
			);
			defaultConfigurationIsVisible = 0;
			defaultConfigurationName = Release;
		};
		C01FCF4E08A954540054247B /* Build configuration list for PBXProject "Mercury" */ = {
			isa = XCConfigurationList;
			buildConfigurations = (
				C01FCF4F08A954540054247B /* Debug */,
				C01FCF5008A954540054247B /* Release */,
			);
			defaultConfigurationIsVisible = 0;
			defaultConfigurationName = Release;
		};
/* End XCConfigurationList section */
	};
	rootObject = 29B97313FDCFA39411CA2CEA /* Project object */;
}
